// !$*UTF8*$!
{
	archiveVersion = 1;
	classes = {
	};
	objectVersion = 48;
	objects = {

/* Begin PBXBuildFile section */
		3D1E299C2069416200DF7433 /* MBProgressHUD.m in Sources */ = {isa = PBXBuildFile; fileRef = 3D1E299B2069416200DF7433 /* MBProgressHUD.m */; };
		3D2198BC207478F100F6C632 /* ListViewController.swift in Sources */ = {isa = PBXBuildFile; fileRef = 3D2198BB207478F100F6C632 /* ListViewController.swift */; };
		3D2198BE20748BFE00F6C632 /* LoadingViewController.swift in Sources */ = {isa = PBXBuildFile; fileRef = 3D2198BD20748BFE00F6C632 /* LoadingViewController.swift */; };
		3D2198C02074944800F6C632 /* BaseViewController.swift in Sources */ = {isa = PBXBuildFile; fileRef = 3D2198BF2074944800F6C632 /* BaseViewController.swift */; };
		3D2198C62074D6E500F6C632 /* FeaturedCell.swift in Sources */ = {isa = PBXBuildFile; fileRef = 3D2198C22074D6E400F6C632 /* FeaturedCell.swift */; };
		3D2198C72074D6E500F6C632 /* FeaturedCell.xib in Resources */ = {isa = PBXBuildFile; fileRef = 3D2198C32074D6E400F6C632 /* FeaturedCell.xib */; };
		3D2198C82074D6E500F6C632 /* WallpaperCell.swift in Sources */ = {isa = PBXBuildFile; fileRef = 3D2198C42074D6E400F6C632 /* WallpaperCell.swift */; };
		3D2198C92074D6E500F6C632 /* WallpaperCell.xib in Resources */ = {isa = PBXBuildFile; fileRef = 3D2198C52074D6E400F6C632 /* WallpaperCell.xib */; };
		3D23391C207A3E89005CD10D /* policy.txt in Resources */ = {isa = PBXBuildFile; fileRef = 3D23391B207A3E89005CD10D /* policy.txt */; };
		3D23391E207A3F4D005CD10D /* TermsViewController.swift in Sources */ = {isa = PBXBuildFile; fileRef = 3D23391D207A3F4D005CD10D /* TermsViewController.swift */; };
		3D286E7620693CC800298FA7 /* AppDelegate.swift in Sources */ = {isa = PBXBuildFile; fileRef = 3D286E7520693CC800298FA7 /* AppDelegate.swift */; };
		3D286E7820693CC800298FA7 /* RootViewController.swift in Sources */ = {isa = PBXBuildFile; fileRef = 3D286E7720693CC800298FA7 /* RootViewController.swift */; };
		3D286E7B20693CC800298FA7 /* Main.storyboard in Resources */ = {isa = PBXBuildFile; fileRef = 3D286E7920693CC800298FA7 /* Main.storyboard */; };
		3D286E7D20693CC800298FA7 /* Assets.xcassets in Resources */ = {isa = PBXBuildFile; fileRef = 3D286E7C20693CC800298FA7 /* Assets.xcassets */; };
		3D286E8020693CC800298FA7 /* LaunchScreen.storyboard in Resources */ = {isa = PBXBuildFile; fileRef = 3D286E7E20693CC800298FA7 /* LaunchScreen.storyboard */; };
		3D2963C020786DFD003FB61E /* PhotosUI.framework in Frameworks */ = {isa = PBXBuildFile; fileRef = 3D2963BF20786DFC003FB61E /* PhotosUI.framework */; };
		3D2963C420786F68003FB61E /* VideoViewController.swift in Sources */ = {isa = PBXBuildFile; fileRef = 3D2963C320786F68003FB61E /* VideoViewController.swift */; };
		3D34E27F20A93EA70042B75F /* StoreKit.framework in Frameworks */ = {isa = PBXBuildFile; fileRef = 3D2963C120786E1A003FB61E /* StoreKit.framework */; };
		3D676351207121160041D8CD /* Constants.swift in Sources */ = {isa = PBXBuildFile; fileRef = 3D676350207121160041D8CD /* Constants.swift */; };
		3D676353207126030041D8CD /* Utils.swift in Sources */ = {isa = PBXBuildFile; fileRef = 3D676352207126030041D8CD /* Utils.swift */; };
		3D7971C62069536600876825 /* LiveNavigationController.swift in Sources */ = {isa = PBXBuildFile; fileRef = 3D7971C52069536600876825 /* LiveNavigationController.swift */; };
		3D7971C8206954B600876825 /* MenuViewController.swift in Sources */ = {isa = PBXBuildFile; fileRef = 3D7971C7206954B600876825 /* MenuViewController.swift */; };
		3D9B07102071E09B007F119C /* BlackWallpaper.swift in Sources */ = {isa = PBXBuildFile; fileRef = 3D9B070A2071E09B007F119C /* BlackWallpaper.swift */; };
		3D9B07112071E09B007F119C /* Featured.swift in Sources */ = {isa = PBXBuildFile; fileRef = 3D9B070B2071E09B007F119C /* Featured.swift */; };
		3D9B07122071E09B007F119C /* FirstFeatured.swift in Sources */ = {isa = PBXBuildFile; fileRef = 3D9B070C2071E09B007F119C /* FirstFeatured.swift */; };
		3D9B07132071E09B007F119C /* LivePhoto.swift in Sources */ = {isa = PBXBuildFile; fileRef = 3D9B070D2071E09B007F119C /* LivePhoto.swift */; };
		3D9B07142071E09B007F119C /* LiveWallpaper.swift in Sources */ = {isa = PBXBuildFile; fileRef = 3D9B070E2071E09B007F119C /* LiveWallpaper.swift */; };
		3D9B07152071E09B007F119C /* Post.swift in Sources */ = {isa = PBXBuildFile; fileRef = 3D9B070F2071E09B007F119C /* Post.swift */; };
		3D9B07172071E194007F119C /* DataStore.swift in Sources */ = {isa = PBXBuildFile; fileRef = 3D9B07162071E194007F119C /* DataStore.swift */; };
		3D9B07192071E1A7007F119C /* PhotoService.swift in Sources */ = {isa = PBXBuildFile; fileRef = 3D9B07182071E1A7007F119C /* PhotoService.swift */; };
		3DAF44C22078B6740033895F /* PageViewController.swift in Sources */ = {isa = PBXBuildFile; fileRef = 3DAF44C12078B6740033895F /* PageViewController.swift */; };
		3DAF44C52078BFDC0033895F /* JPEG.swift in Sources */ = {isa = PBXBuildFile; fileRef = 3DAF44C32078BFDC0033895F /* JPEG.swift */; };
		3DAF44C62078BFDC0033895F /* QuickTimeMov.swift in Sources */ = {isa = PBXBuildFile; fileRef = 3DAF44C42078BFDC0033895F /* QuickTimeMov.swift */; };
		3DBEE1C920A7DF8E0016EF41 /* StartViewController.swift in Sources */ = {isa = PBXBuildFile; fileRef = 3DBEE1C820A7DF8E0016EF41 /* StartViewController.swift */; };
		3DBEE1CC20A7EE140016EF41 /* StartCollectionViewCell.swift in Sources */ = {isa = PBXBuildFile; fileRef = 3DBEE1CA20A7EE140016EF41 /* StartCollectionViewCell.swift */; };
		3DBEE1CD20A7EE140016EF41 /* StartCollectionViewCell.xib in Resources */ = {isa = PBXBuildFile; fileRef = 3DBEE1CB20A7EE140016EF41 /* StartCollectionViewCell.xib */; };
		3DBEE1D820A82B930016EF41 /* Start_Image_1.jpg in Resources */ = {isa = PBXBuildFile; fileRef = 3DBEE1D720A82B920016EF41 /* Start_Image_1.jpg */; };
		3DBEE1DC20A82BA90016EF41 /* Start_Video_1.mov in Resources */ = {isa = PBXBuildFile; fileRef = 3DBEE1D920A82BA90016EF41 /* Start_Video_1.mov */; };
		3DBEE1DD20A82BA90016EF41 /* Start_Image_2.jpg in Resources */ = {isa = PBXBuildFile; fileRef = 3DBEE1DA20A82BA90016EF41 /* Start_Image_2.jpg */; };
		3DBEE1DE20A82BA90016EF41 /* Start_Video_2.mov in Resources */ = {isa = PBXBuildFile; fileRef = 3DBEE1DB20A82BA90016EF41 /* Start_Video_2.mov */; };
		3DBEE1E120A845A30016EF41 /* InAppCollectionViewCell.swift in Sources */ = {isa = PBXBuildFile; fileRef = 3DBEE1DF20A845A30016EF41 /* InAppCollectionViewCell.swift */; };
		3DBEE1E220A845A30016EF41 /* InAppCollectionViewCell.xib in Resources */ = {isa = PBXBuildFile; fileRef = 3DBEE1E020A845A30016EF41 /* InAppCollectionViewCell.xib */; };
		3DCFF89B208CCD860034BFC0 /* offline_videoxxx22.mov in Resources */ = {isa = PBXBuildFile; fileRef = 3DCFF82D208CCD860034BFC0 /* offline_videoxxx22.mov */; };
		3DCFF89C208CCD860034BFC0 /* offline_videoxxx36.mov in Resources */ = {isa = PBXBuildFile; fileRef = 3DCFF82E208CCD860034BFC0 /* offline_videoxxx36.mov */; };
		3DCFF89D208CCD860034BFC0 /* offline_videoxxx37.mov in Resources */ = {isa = PBXBuildFile; fileRef = 3DCFF82F208CCD860034BFC0 /* offline_videoxxx37.mov */; };
		3DCFF89E208CCD860034BFC0 /* offline_videoxxx23.mov in Resources */ = {isa = PBXBuildFile; fileRef = 3DCFF830208CCD860034BFC0 /* offline_videoxxx23.mov */; };
		3DCFF89F208CCD860034BFC0 /* offline_videoxxx35.mov in Resources */ = {isa = PBXBuildFile; fileRef = 3DCFF831208CCD860034BFC0 /* offline_videoxxx35.mov */; };
		3DCFF8A0208CCD860034BFC0 /* offline_videoxxx21.mov in Resources */ = {isa = PBXBuildFile; fileRef = 3DCFF832208CCD860034BFC0 /* offline_videoxxx21.mov */; };
		3DCFF8A1208CCD860034BFC0 /* offline_videoxxx20.mov in Resources */ = {isa = PBXBuildFile; fileRef = 3DCFF833208CCD860034BFC0 /* offline_videoxxx20.mov */; };
		3DCFF8A2208CCD860034BFC0 /* offline_videoxxx34.mov in Resources */ = {isa = PBXBuildFile; fileRef = 3DCFF834208CCD860034BFC0 /* offline_videoxxx34.mov */; };
		3DCFF8A3208CCD860034BFC0 /* offline_videoxxx30.mov in Resources */ = {isa = PBXBuildFile; fileRef = 3DCFF835208CCD860034BFC0 /* offline_videoxxx30.mov */; };
		3DCFF8A4208CCD860034BFC0 /* offline_videoxxx24.mov in Resources */ = {isa = PBXBuildFile; fileRef = 3DCFF836208CCD860034BFC0 /* offline_videoxxx24.mov */; };
		3DCFF8A5208CCD860034BFC0 /* offline_videoxxx18.mov in Resources */ = {isa = PBXBuildFile; fileRef = 3DCFF837208CCD860034BFC0 /* offline_videoxxx18.mov */; };
		3DCFF8A6208CCD860034BFC0 /* offline_videoxxx19.mov in Resources */ = {isa = PBXBuildFile; fileRef = 3DCFF838208CCD860034BFC0 /* offline_videoxxx19.mov */; };
		3DCFF8A7208CCD860034BFC0 /* offline_videoxxx25.mov in Resources */ = {isa = PBXBuildFile; fileRef = 3DCFF839208CCD860034BFC0 /* offline_videoxxx25.mov */; };
		3DCFF8A8208CCD860034BFC0 /* offline_videoxxx31.mov in Resources */ = {isa = PBXBuildFile; fileRef = 3DCFF83A208CCD860034BFC0 /* offline_videoxxx31.mov */; };
		3DCFF8A9208CCD860034BFC0 /* offline_videoxxx27.mov in Resources */ = {isa = PBXBuildFile; fileRef = 3DCFF83B208CCD860034BFC0 /* offline_videoxxx27.mov */; };
		3DCFF8AA208CCD860034BFC0 /* offline_videoxxx33.mov in Resources */ = {isa = PBXBuildFile; fileRef = 3DCFF83C208CCD860034BFC0 /* offline_videoxxx33.mov */; };
		3DCFF8AB208CCD860034BFC0 /* offline_videoxxx32.mov in Resources */ = {isa = PBXBuildFile; fileRef = 3DCFF83D208CCD860034BFC0 /* offline_videoxxx32.mov */; };
		3DCFF8AC208CCD860034BFC0 /* offline_videoxxx26.mov in Resources */ = {isa = PBXBuildFile; fileRef = 3DCFF83E208CCD860034BFC0 /* offline_videoxxx26.mov */; };
		3DCFF8AD208CCD860034BFC0 /* offline_videoxxx41.mov in Resources */ = {isa = PBXBuildFile; fileRef = 3DCFF83F208CCD860034BFC0 /* offline_videoxxx41.mov */; };
		3DCFF8AE208CCD860034BFC0 /* offline_videoxxx55.mov in Resources */ = {isa = PBXBuildFile; fileRef = 3DCFF840208CCD860034BFC0 /* offline_videoxxx55.mov */; };
		3DCFF8AF208CCD860034BFC0 /* offline_videoxxx4.mov in Resources */ = {isa = PBXBuildFile; fileRef = 3DCFF841208CCD860034BFC0 /* offline_videoxxx4.mov */; };
		3DCFF8B0208CCD860034BFC0 /* offline_videoxxx5.mov in Resources */ = {isa = PBXBuildFile; fileRef = 3DCFF842208CCD860034BFC0 /* offline_videoxxx5.mov */; };
		3DCFF8B1208CCD860034BFC0 /* offline_videoxxx54.mov in Resources */ = {isa = PBXBuildFile; fileRef = 3DCFF843208CCD860034BFC0 /* offline_videoxxx54.mov */; };
		3DCFF8B2208CCD860034BFC0 /* offline_videoxxx40.mov in Resources */ = {isa = PBXBuildFile; fileRef = 3DCFF844208CCD860034BFC0 /* offline_videoxxx40.mov */; };
		3DCFF8B3208CCD860034BFC0 /* offline_videoxxx42.mov in Resources */ = {isa = PBXBuildFile; fileRef = 3DCFF845208CCD860034BFC0 /* offline_videoxxx42.mov */; };
		3DCFF8B4208CCD860034BFC0 /* offline_videoxxx7.mov in Resources */ = {isa = PBXBuildFile; fileRef = 3DCFF846208CCD860034BFC0 /* offline_videoxxx7.mov */; };
		3DCFF8B5208CCD860034BFC0 /* offline_videoxxx6.mov in Resources */ = {isa = PBXBuildFile; fileRef = 3DCFF847208CCD860034BFC0 /* offline_videoxxx6.mov */; };
		3DCFF8B6208CCD860034BFC0 /* offline_videoxxx43.mov in Resources */ = {isa = PBXBuildFile; fileRef = 3DCFF848208CCD860034BFC0 /* offline_videoxxx43.mov */; };
		3DCFF8B7208CCD860034BFC0 /* offline_videoxxx53.mov in Resources */ = {isa = PBXBuildFile; fileRef = 3DCFF849208CCD860034BFC0 /* offline_videoxxx53.mov */; };
		3DCFF8B8208CCD860034BFC0 /* offline_videoxxx47.mov in Resources */ = {isa = PBXBuildFile; fileRef = 3DCFF84A208CCD860034BFC0 /* offline_videoxxx47.mov */; };
		3DCFF8B9208CCD860034BFC0 /* offline_videoxxx2.mov in Resources */ = {isa = PBXBuildFile; fileRef = 3DCFF84B208CCD860034BFC0 /* offline_videoxxx2.mov */; };
		3DCFF8BA208CCD860034BFC0 /* offline_videoxxx3.mov in Resources */ = {isa = PBXBuildFile; fileRef = 3DCFF84C208CCD860034BFC0 /* offline_videoxxx3.mov */; };
		3DCFF8BB208CCD860034BFC0 /* offline_videoxxx46.mov in Resources */ = {isa = PBXBuildFile; fileRef = 3DCFF84D208CCD860034BFC0 /* offline_videoxxx46.mov */; };
		3DCFF8BC208CCD860034BFC0 /* offline_videoxxx52.mov in Resources */ = {isa = PBXBuildFile; fileRef = 3DCFF84E208CCD860034BFC0 /* offline_videoxxx52.mov */; };
		3DCFF8BD208CCD860034BFC0 /* offline_videoxxx44.mov in Resources */ = {isa = PBXBuildFile; fileRef = 3DCFF84F208CCD860034BFC0 /* offline_videoxxx44.mov */; };
		3DCFF8BE208CCD860034BFC0 /* offline_videoxxx50.mov in Resources */ = {isa = PBXBuildFile; fileRef = 3DCFF850208CCD860034BFC0 /* offline_videoxxx50.mov */; };
		3DCFF8BF208CCD860034BFC0 /* offline_videoxxx1.mov in Resources */ = {isa = PBXBuildFile; fileRef = 3DCFF851208CCD860034BFC0 /* offline_videoxxx1.mov */; };
		3DCFF8C0208CCD860034BFC0 /* offline_videoxxx51.mov in Resources */ = {isa = PBXBuildFile; fileRef = 3DCFF852208CCD860034BFC0 /* offline_videoxxx51.mov */; };
		3DCFF8C1208CCD860034BFC0 /* offline_videoxxx45.mov in Resources */ = {isa = PBXBuildFile; fileRef = 3DCFF853208CCD860034BFC0 /* offline_videoxxx45.mov */; };
		3DCFF8C2208CCD860034BFC0 /* offline_videoxxx48.mov in Resources */ = {isa = PBXBuildFile; fileRef = 3DCFF854208CCD860034BFC0 /* offline_videoxxx48.mov */; };
		3DCFF8C3208CCD860034BFC0 /* offline_videoxxx49.mov in Resources */ = {isa = PBXBuildFile; fileRef = 3DCFF855208CCD860034BFC0 /* offline_videoxxx49.mov */; };
		3DCFF8C4208CCD860034BFC0 /* offline_videoxxx8.mov in Resources */ = {isa = PBXBuildFile; fileRef = 3DCFF856208CCD860034BFC0 /* offline_videoxxx8.mov */; };
		3DCFF8C5208CCD860034BFC0 /* offline_videoxxx9.mov in Resources */ = {isa = PBXBuildFile; fileRef = 3DCFF857208CCD860034BFC0 /* offline_videoxxx9.mov */; };
		3DCFF8C6208CCD860034BFC0 /* offline_videoxxx17.mov in Resources */ = {isa = PBXBuildFile; fileRef = 3DCFF858208CCD860034BFC0 /* offline_videoxxx17.mov */; };
		3DCFF8C7208CCD860034BFC0 /* offline_videoxxx16.mov in Resources */ = {isa = PBXBuildFile; fileRef = 3DCFF859208CCD860034BFC0 /* offline_videoxxx16.mov */; };
		3DCFF8C8208CCD860034BFC0 /* offline_videoxxx28.mov in Resources */ = {isa = PBXBuildFile; fileRef = 3DCFF85A208CCD860034BFC0 /* offline_videoxxx28.mov */; };
		3DCFF8C9208CCD860034BFC0 /* offline_videoxxx14.mov in Resources */ = {isa = PBXBuildFile; fileRef = 3DCFF85B208CCD860034BFC0 /* offline_videoxxx14.mov */; };
		3DCFF8CA208CCD860034BFC0 /* offline_videoxxx15.mov in Resources */ = {isa = PBXBuildFile; fileRef = 3DCFF85C208CCD860034BFC0 /* offline_videoxxx15.mov */; };
		3DCFF8CB208CCD860034BFC0 /* offline_videoxxx29.mov in Resources */ = {isa = PBXBuildFile; fileRef = 3DCFF85D208CCD860034BFC0 /* offline_videoxxx29.mov */; };
		3DCFF8CC208CCD860034BFC0 /* offline_videoxxx11.mov in Resources */ = {isa = PBXBuildFile; fileRef = 3DCFF85E208CCD860034BFC0 /* offline_videoxxx11.mov */; };
		3DCFF8CD208CCD860034BFC0 /* offline_videoxxx39.mov in Resources */ = {isa = PBXBuildFile; fileRef = 3DCFF85F208CCD860034BFC0 /* offline_videoxxx39.mov */; };
		3DCFF8CE208CCD860034BFC0 /* offline_videoxxx38.mov in Resources */ = {isa = PBXBuildFile; fileRef = 3DCFF860208CCD860034BFC0 /* offline_videoxxx38.mov */; };
		3DCFF8CF208CCD860034BFC0 /* offline_videoxxx10.mov in Resources */ = {isa = PBXBuildFile; fileRef = 3DCFF861208CCD860034BFC0 /* offline_videoxxx10.mov */; };
		3DCFF8D0208CCD860034BFC0 /* offline_videoxxx12.mov in Resources */ = {isa = PBXBuildFile; fileRef = 3DCFF862208CCD860034BFC0 /* offline_videoxxx12.mov */; };
		3DCFF8D1208CCD860034BFC0 /* offline_videoxxx13.mov in Resources */ = {isa = PBXBuildFile; fileRef = 3DCFF863208CCD860034BFC0 /* offline_videoxxx13.mov */; };
		3DCFF8D2208CCD860034BFC0 /* offline_imagexxx48.jpg in Resources */ = {isa = PBXBuildFile; fileRef = 3DCFF865208CCD860034BFC0 /* offline_imagexxx48.jpg */; };
		3DCFF8D3208CCD860034BFC0 /* offline_imagexxx49.jpg in Resources */ = {isa = PBXBuildFile; fileRef = 3DCFF866208CCD860034BFC0 /* offline_imagexxx49.jpg */; };
		3DCFF8D4208CCD860034BFC0 /* offline_imagexxx12.jpg in Resources */ = {isa = PBXBuildFile; fileRef = 3DCFF867208CCD860034BFC0 /* offline_imagexxx12.jpg */; };
		3DCFF8D5208CCD860034BFC0 /* offline_imagexxx5.jpg in Resources */ = {isa = PBXBuildFile; fileRef = 3DCFF868208CCD860034BFC0 /* offline_imagexxx5.jpg */; };
		3DCFF8D6208CCD860034BFC0 /* offline_imagexxx4.jpg in Resources */ = {isa = PBXBuildFile; fileRef = 3DCFF869208CCD860034BFC0 /* offline_imagexxx4.jpg */; };
		3DCFF8D7208CCD860034BFC0 /* offline_imagexxx13.jpg in Resources */ = {isa = PBXBuildFile; fileRef = 3DCFF86A208CCD860034BFC0 /* offline_imagexxx13.jpg */; };
		3DCFF8D8208CCD860034BFC0 /* offline_imagexxx11.jpg in Resources */ = {isa = PBXBuildFile; fileRef = 3DCFF86B208CCD860034BFC0 /* offline_imagexxx11.jpg */; };
		3DCFF8D9208CCD860034BFC0 /* offline_imagexxx39.jpg in Resources */ = {isa = PBXBuildFile; fileRef = 3DCFF86C208CCD860034BFC0 /* offline_imagexxx39.jpg */; };
		3DCFF8DA208CCD860034BFC0 /* offline_imagexxx6.jpg in Resources */ = {isa = PBXBuildFile; fileRef = 3DCFF86D208CCD860034BFC0 /* offline_imagexxx6.jpg */; };
		3DCFF8DB208CCD860034BFC0 /* offline_imagexxx7.jpg in Resources */ = {isa = PBXBuildFile; fileRef = 3DCFF86E208CCD860034BFC0 /* offline_imagexxx7.jpg */; };
		3DCFF8DC208CCD860034BFC0 /* offline_imagexxx38.jpg in Resources */ = {isa = PBXBuildFile; fileRef = 3DCFF86F208CCD860034BFC0 /* offline_imagexxx38.jpg */; };
		3DCFF8DD208CCD860034BFC0 /* offline_imagexxx10.jpg in Resources */ = {isa = PBXBuildFile; fileRef = 3DCFF870208CCD860034BFC0 /* offline_imagexxx10.jpg */; };
		3DCFF8DE208CCD860034BFC0 /* offline_imagexxx28.jpg in Resources */ = {isa = PBXBuildFile; fileRef = 3DCFF871208CCD860034BFC0 /* offline_imagexxx28.jpg */; };
		3DCFF8DF208CCD860034BFC0 /* offline_imagexxx14.jpg in Resources */ = {isa = PBXBuildFile; fileRef = 3DCFF872208CCD860034BFC0 /* offline_imagexxx14.jpg */; };
		3DCFF8E0208CCD860034BFC0 /* offline_imagexxx3.jpg in Resources */ = {isa = PBXBuildFile; fileRef = 3DCFF873208CCD860034BFC0 /* offline_imagexxx3.jpg */; };
		3DCFF8E1208CCD860034BFC0 /* offline_imagexxx2.jpg in Resources */ = {isa = PBXBuildFile; fileRef = 3DCFF874208CCD860034BFC0 /* offline_imagexxx2.jpg */; };
		3DCFF8E2208CCD860034BFC0 /* offline_imagexxx15.jpg in Resources */ = {isa = PBXBuildFile; fileRef = 3DCFF875208CCD860034BFC0 /* offline_imagexxx15.jpg */; };
		3DCFF8E3208CCD860034BFC0 /* offline_imagexxx29.jpg in Resources */ = {isa = PBXBuildFile; fileRef = 3DCFF876208CCD860034BFC0 /* offline_imagexxx29.jpg */; };
		3DCFF8E4208CCD860034BFC0 /* offline_imagexxx17.jpg in Resources */ = {isa = PBXBuildFile; fileRef = 3DCFF877208CCD860034BFC0 /* offline_imagexxx17.jpg */; };
		3DCFF8E5208CCD860034BFC0 /* offline_imagexxx1.jpg in Resources */ = {isa = PBXBuildFile; fileRef = 3DCFF878208CCD860034BFC0 /* offline_imagexxx1.jpg */; };
		3DCFF8E6208CCD860034BFC0 /* offline_imagexxx16.jpg in Resources */ = {isa = PBXBuildFile; fileRef = 3DCFF879208CCD860034BFC0 /* offline_imagexxx16.jpg */; };
		3DCFF8E7208CCD860034BFC0 /* offline_imagexxx27.jpg in Resources */ = {isa = PBXBuildFile; fileRef = 3DCFF87A208CCD860034BFC0 /* offline_imagexxx27.jpg */; };
		3DCFF8E8208CCD860034BFC0 /* offline_imagexxx33.jpg in Resources */ = {isa = PBXBuildFile; fileRef = 3DCFF87B208CCD860034BFC0 /* offline_imagexxx33.jpg */; };
		3DCFF8E9208CCD860034BFC0 /* offline_imagexxx32.jpg in Resources */ = {isa = PBXBuildFile; fileRef = 3DCFF87C208CCD860034BFC0 /* offline_imagexxx32.jpg */; };
		3DCFF8EA208CCD860034BFC0 /* offline_imagexxx26.jpg in Resources */ = {isa = PBXBuildFile; fileRef = 3DCFF87D208CCD860034BFC0 /* offline_imagexxx26.jpg */; };
		3DCFF8EB208CCD860034BFC0 /* offline_imagexxx30.jpg in Resources */ = {isa = PBXBuildFile; fileRef = 3DCFF87E208CCD860034BFC0 /* offline_imagexxx30.jpg */; };
		3DCFF8EC208CCD860034BFC0 /* offline_imagexxx24.jpg in Resources */ = {isa = PBXBuildFile; fileRef = 3DCFF87F208CCD860034BFC0 /* offline_imagexxx24.jpg */; };
		3DCFF8ED208CCD860034BFC0 /* offline_imagexxx18.jpg in Resources */ = {isa = PBXBuildFile; fileRef = 3DCFF880208CCD860034BFC0 /* offline_imagexxx18.jpg */; };
		3DCFF8EE208CCD860034BFC0 /* offline_imagexxx19.jpg in Resources */ = {isa = PBXBuildFile; fileRef = 3DCFF881208CCD860034BFC0 /* offline_imagexxx19.jpg */; };
		3DCFF8EF208CCD860034BFC0 /* offline_imagexxx25.jpg in Resources */ = {isa = PBXBuildFile; fileRef = 3DCFF882208CCD860034BFC0 /* offline_imagexxx25.jpg */; };
		3DCFF8F0208CCD860034BFC0 /* offline_imagexxx31.jpg in Resources */ = {isa = PBXBuildFile; fileRef = 3DCFF883208CCD860034BFC0 /* offline_imagexxx31.jpg */; };
		3DCFF8F1208CCD860034BFC0 /* offline_imagexxx35.jpg in Resources */ = {isa = PBXBuildFile; fileRef = 3DCFF884208CCD860034BFC0 /* offline_imagexxx35.jpg */; };
		3DCFF8F2208CCD860034BFC0 /* offline_imagexxx21.jpg in Resources */ = {isa = PBXBuildFile; fileRef = 3DCFF885208CCD860034BFC0 /* offline_imagexxx21.jpg */; };
		3DCFF8F3208CCD860034BFC0 /* offline_imagexxx20.jpg in Resources */ = {isa = PBXBuildFile; fileRef = 3DCFF886208CCD860034BFC0 /* offline_imagexxx20.jpg */; };
		3DCFF8F4208CCD860034BFC0 /* offline_imagexxx34.jpg in Resources */ = {isa = PBXBuildFile; fileRef = 3DCFF887208CCD860034BFC0 /* offline_imagexxx34.jpg */; };
		3DCFF8F5208CCD860034BFC0 /* offline_imagexxx22.jpg in Resources */ = {isa = PBXBuildFile; fileRef = 3DCFF888208CCD860034BFC0 /* offline_imagexxx22.jpg */; };
		3DCFF8F6208CCD860034BFC0 /* offline_imagexxx36.jpg in Resources */ = {isa = PBXBuildFile; fileRef = 3DCFF889208CCD860034BFC0 /* offline_imagexxx36.jpg */; };
		3DCFF8F7208CCD860034BFC0 /* offline_imagexxx9.jpg in Resources */ = {isa = PBXBuildFile; fileRef = 3DCFF88A208CCD860034BFC0 /* offline_imagexxx9.jpg */; };
		3DCFF8F8208CCD860034BFC0 /* offline_imagexxx8.jpg in Resources */ = {isa = PBXBuildFile; fileRef = 3DCFF88B208CCD860034BFC0 /* offline_imagexxx8.jpg */; };
		3DCFF8F9208CCD860034BFC0 /* offline_imagexxx37.jpg in Resources */ = {isa = PBXBuildFile; fileRef = 3DCFF88C208CCD860034BFC0 /* offline_imagexxx37.jpg */; };
		3DCFF8FA208CCD860034BFC0 /* offline_imagexxx44.jpg in Resources */ = {isa = PBXBuildFile; fileRef = 3DCFF88D208CCD860034BFC0 /* offline_imagexxx44.jpg */; };
		3DCFF8FB208CCD860034BFC0 /* offline_imagexxx50.jpg in Resources */ = {isa = PBXBuildFile; fileRef = 3DCFF88E208CCD860034BFC0 /* offline_imagexxx50.jpg */; };
		3DCFF8FC208CCD860034BFC0 /* offline_imagexxx51.jpg in Resources */ = {isa = PBXBuildFile; fileRef = 3DCFF88F208CCD860034BFC0 /* offline_imagexxx51.jpg */; };
		3DCFF8FD208CCD860034BFC0 /* offline_imagexxx45.jpg in Resources */ = {isa = PBXBuildFile; fileRef = 3DCFF890208CCD860034BFC0 /* offline_imagexxx45.jpg */; };
		3DCFF8FE208CCD860034BFC0 /* offline_imagexxx53.jpg in Resources */ = {isa = PBXBuildFile; fileRef = 3DCFF891208CCD860034BFC0 /* offline_imagexxx53.jpg */; };
		3DCFF8FF208CCD860034BFC0 /* offline_imagexxx47.jpg in Resources */ = {isa = PBXBuildFile; fileRef = 3DCFF892208CCD860034BFC0 /* offline_imagexxx47.jpg */; };
		3DCFF900208CCD860034BFC0 /* offline_imagexxx46.jpg in Resources */ = {isa = PBXBuildFile; fileRef = 3DCFF893208CCD860034BFC0 /* offline_imagexxx46.jpg */; };
		3DCFF901208CCD860034BFC0 /* offline_imagexxx52.jpg in Resources */ = {isa = PBXBuildFile; fileRef = 3DCFF894208CCD860034BFC0 /* offline_imagexxx52.jpg */; };
		3DCFF902208CCD860034BFC0 /* offline_imagexxx42.jpg in Resources */ = {isa = PBXBuildFile; fileRef = 3DCFF895208CCD860034BFC0 /* offline_imagexxx42.jpg */; };
		3DCFF903208CCD860034BFC0 /* offline_imagexxx43.jpg in Resources */ = {isa = PBXBuildFile; fileRef = 3DCFF896208CCD860034BFC0 /* offline_imagexxx43.jpg */; };
		3DCFF904208CCD860034BFC0 /* offline_imagexxx41.jpg in Resources */ = {isa = PBXBuildFile; fileRef = 3DCFF897208CCD860034BFC0 /* offline_imagexxx41.jpg */; };
		3DCFF905208CCD860034BFC0 /* offline_imagexxx55.jpg in Resources */ = {isa = PBXBuildFile; fileRef = 3DCFF898208CCD860034BFC0 /* offline_imagexxx55.jpg */; };
		3DCFF906208CCD860034BFC0 /* offline_imagexxx54.jpg in Resources */ = {isa = PBXBuildFile; fileRef = 3DCFF899208CCD860034BFC0 /* offline_imagexxx54.jpg */; };
		3DCFF907208CCD860034BFC0 /* offline_imagexxx40.jpg in Resources */ = {isa = PBXBuildFile; fileRef = 3DCFF89A208CCD860034BFC0 /* offline_imagexxx40.jpg */; };
		3DE1B19120A8491B007F0212 /* wallpaper_inapp.png in Resources */ = {isa = PBXBuildFile; fileRef = 3DE1B19020A8491A007F0212 /* wallpaper_inapp.png */; };
		3DE1B19320A8668D007F0212 /* IAPHandler.swift in Sources */ = {isa = PBXBuildFile; fileRef = 3DE1B19220A8668C007F0212 /* IAPHandler.swift */; };
		3DE1B19520A89533007F0212 /* InAppViewController.swift in Sources */ = {isa = PBXBuildFile; fileRef = 3DE1B19420A89533007F0212 /* InAppViewController.swift */; };
		B086CF3AB110B57F12D487A5 /* Pods_iLive.framework in Frameworks */ = {isa = PBXBuildFile; fileRef = 5C333460C55EE4986C4A6037 /* Pods_iLive.framework */; };
/* End PBXBuildFile section */

/* Begin PBXFileReference section */
		3D1E299A2069416200DF7433 /* MBProgressHUD.h */ = {isa = PBXFileReference; fileEncoding = 4; lastKnownFileType = sourcecode.c.h; path = MBProgressHUD.h; sourceTree = "<group>"; };
		3D1E299B2069416200DF7433 /* MBProgressHUD.m */ = {isa = PBXFileReference; fileEncoding = 4; lastKnownFileType = sourcecode.c.objc; path = MBProgressHUD.m; sourceTree = "<group>"; };
		3D1E299D206941CE00DF7433 /* iLive-Bridging-Header.h */ = {isa = PBXFileReference; lastKnownFileType = sourcecode.c.h; path = "iLive-Bridging-Header.h"; sourceTree = "<group>"; };
		3D2198BB207478F100F6C632 /* ListViewController.swift */ = {isa = PBXFileReference; lastKnownFileType = sourcecode.swift; path = ListViewController.swift; sourceTree = "<group>"; };
		3D2198BD20748BFE00F6C632 /* LoadingViewController.swift */ = {isa = PBXFileReference; fileEncoding = 4; lastKnownFileType = sourcecode.swift; path = LoadingViewController.swift; sourceTree = "<group>"; };
		3D2198BF2074944800F6C632 /* BaseViewController.swift */ = {isa = PBXFileReference; fileEncoding = 4; lastKnownFileType = sourcecode.swift; path = BaseViewController.swift; sourceTree = "<group>"; };
		3D2198C22074D6E400F6C632 /* FeaturedCell.swift */ = {isa = PBXFileReference; fileEncoding = 4; lastKnownFileType = sourcecode.swift; path = FeaturedCell.swift; sourceTree = "<group>"; };
		3D2198C32074D6E400F6C632 /* FeaturedCell.xib */ = {isa = PBXFileReference; fileEncoding = 4; lastKnownFileType = file.xib; path = FeaturedCell.xib; sourceTree = "<group>"; };
		3D2198C42074D6E400F6C632 /* WallpaperCell.swift */ = {isa = PBXFileReference; fileEncoding = 4; lastKnownFileType = sourcecode.swift; path = WallpaperCell.swift; sourceTree = "<group>"; };
		3D2198C52074D6E400F6C632 /* WallpaperCell.xib */ = {isa = PBXFileReference; fileEncoding = 4; lastKnownFileType = file.xib; path = WallpaperCell.xib; sourceTree = "<group>"; };
		3D23391B207A3E89005CD10D /* policy.txt */ = {isa = PBXFileReference; fileEncoding = 4; lastKnownFileType = text; path = policy.txt; sourceTree = "<group>"; };
		3D23391D207A3F4D005CD10D /* TermsViewController.swift */ = {isa = PBXFileReference; lastKnownFileType = sourcecode.swift; path = TermsViewController.swift; sourceTree = "<group>"; };
		3D286E7220693CC800298FA7 /* iLive.app */ = {isa = PBXFileReference; explicitFileType = wrapper.application; includeInIndex = 0; path = iLive.app; sourceTree = BUILT_PRODUCTS_DIR; };
		3D286E7520693CC800298FA7 /* AppDelegate.swift */ = {isa = PBXFileReference; lastKnownFileType = sourcecode.swift; path = AppDelegate.swift; sourceTree = "<group>"; };
		3D286E7720693CC800298FA7 /* RootViewController.swift */ = {isa = PBXFileReference; lastKnownFileType = sourcecode.swift; path = RootViewController.swift; sourceTree = "<group>"; };
		3D286E7A20693CC800298FA7 /* Base */ = {isa = PBXFileReference; lastKnownFileType = file.storyboard; name = Base; path = Base.lproj/Main.storyboard; sourceTree = "<group>"; };
		3D286E7C20693CC800298FA7 /* Assets.xcassets */ = {isa = PBXFileReference; lastKnownFileType = folder.assetcatalog; path = Assets.xcassets; sourceTree = "<group>"; };
		3D286E7F20693CC800298FA7 /* Base */ = {isa = PBXFileReference; lastKnownFileType = file.storyboard; name = Base; path = Base.lproj/LaunchScreen.storyboard; sourceTree = "<group>"; };
		3D286E8120693CC800298FA7 /* Info.plist */ = {isa = PBXFileReference; lastKnownFileType = text.plist.xml; path = Info.plist; sourceTree = "<group>"; };
		3D2963BF20786DFC003FB61E /* PhotosUI.framework */ = {isa = PBXFileReference; lastKnownFileType = wrapper.framework; name = PhotosUI.framework; path = System/Library/Frameworks/PhotosUI.framework; sourceTree = SDKROOT; };
		3D2963C120786E1A003FB61E /* StoreKit.framework */ = {isa = PBXFileReference; lastKnownFileType = wrapper.framework; name = StoreKit.framework; path = System/Library/Frameworks/StoreKit.framework; sourceTree = SDKROOT; };
		3D2963C320786F68003FB61E /* VideoViewController.swift */ = {isa = PBXFileReference; lastKnownFileType = sourcecode.swift; path = VideoViewController.swift; sourceTree = "<group>"; };
		3D676350207121160041D8CD /* Constants.swift */ = {isa = PBXFileReference; fileEncoding = 4; lastKnownFileType = sourcecode.swift; path = Constants.swift; sourceTree = "<group>"; };
		3D676352207126030041D8CD /* Utils.swift */ = {isa = PBXFileReference; fileEncoding = 4; lastKnownFileType = sourcecode.swift; path = Utils.swift; sourceTree = "<group>"; };
		3D7971C52069536600876825 /* LiveNavigationController.swift */ = {isa = PBXFileReference; fileEncoding = 4; lastKnownFileType = sourcecode.swift; path = LiveNavigationController.swift; sourceTree = "<group>"; };
		3D7971C7206954B600876825 /* MenuViewController.swift */ = {isa = PBXFileReference; fileEncoding = 4; lastKnownFileType = sourcecode.swift; path = MenuViewController.swift; sourceTree = "<group>"; };
		3D9B070A2071E09B007F119C /* BlackWallpaper.swift */ = {isa = PBXFileReference; fileEncoding = 4; lastKnownFileType = sourcecode.swift; path = BlackWallpaper.swift; sourceTree = "<group>"; };
		3D9B070B2071E09B007F119C /* Featured.swift */ = {isa = PBXFileReference; fileEncoding = 4; lastKnownFileType = sourcecode.swift; path = Featured.swift; sourceTree = "<group>"; };
		3D9B070C2071E09B007F119C /* FirstFeatured.swift */ = {isa = PBXFileReference; fileEncoding = 4; lastKnownFileType = sourcecode.swift; path = FirstFeatured.swift; sourceTree = "<group>"; };
		3D9B070D2071E09B007F119C /* LivePhoto.swift */ = {isa = PBXFileReference; fileEncoding = 4; lastKnownFileType = sourcecode.swift; path = LivePhoto.swift; sourceTree = "<group>"; };
		3D9B070E2071E09B007F119C /* LiveWallpaper.swift */ = {isa = PBXFileReference; fileEncoding = 4; lastKnownFileType = sourcecode.swift; path = LiveWallpaper.swift; sourceTree = "<group>"; };
		3D9B070F2071E09B007F119C /* Post.swift */ = {isa = PBXFileReference; fileEncoding = 4; lastKnownFileType = sourcecode.swift; path = Post.swift; sourceTree = "<group>"; };
		3D9B07162071E194007F119C /* DataStore.swift */ = {isa = PBXFileReference; fileEncoding = 4; lastKnownFileType = sourcecode.swift; path = DataStore.swift; sourceTree = "<group>"; };
		3D9B07182071E1A7007F119C /* PhotoService.swift */ = {isa = PBXFileReference; fileEncoding = 4; lastKnownFileType = sourcecode.swift; path = PhotoService.swift; sourceTree = "<group>"; };
		3DAF44C12078B6740033895F /* PageViewController.swift */ = {isa = PBXFileReference; lastKnownFileType = sourcecode.swift; path = PageViewController.swift; sourceTree = "<group>"; };
		3DAF44C32078BFDC0033895F /* JPEG.swift */ = {isa = PBXFileReference; fileEncoding = 4; lastKnownFileType = sourcecode.swift; path = JPEG.swift; sourceTree = "<group>"; };
		3DAF44C42078BFDC0033895F /* QuickTimeMov.swift */ = {isa = PBXFileReference; fileEncoding = 4; lastKnownFileType = sourcecode.swift; path = QuickTimeMov.swift; sourceTree = "<group>"; };
		3DBEE1C820A7DF8E0016EF41 /* StartViewController.swift */ = {isa = PBXFileReference; lastKnownFileType = sourcecode.swift; path = StartViewController.swift; sourceTree = "<group>"; };
		3DBEE1CA20A7EE140016EF41 /* StartCollectionViewCell.swift */ = {isa = PBXFileReference; lastKnownFileType = sourcecode.swift; path = StartCollectionViewCell.swift; sourceTree = "<group>"; };
		3DBEE1CB20A7EE140016EF41 /* StartCollectionViewCell.xib */ = {isa = PBXFileReference; lastKnownFileType = file.xib; path = StartCollectionViewCell.xib; sourceTree = "<group>"; };
		3DBEE1D720A82B920016EF41 /* Start_Image_1.jpg */ = {isa = PBXFileReference; lastKnownFileType = image.jpeg; path = Start_Image_1.jpg; sourceTree = "<group>"; };
		3DBEE1D920A82BA90016EF41 /* Start_Video_1.mov */ = {isa = PBXFileReference; lastKnownFileType = video.quicktime; path = Start_Video_1.mov; sourceTree = "<group>"; };
		3DBEE1DA20A82BA90016EF41 /* Start_Image_2.jpg */ = {isa = PBXFileReference; lastKnownFileType = image.jpeg; path = Start_Image_2.jpg; sourceTree = "<group>"; };
		3DBEE1DB20A82BA90016EF41 /* Start_Video_2.mov */ = {isa = PBXFileReference; lastKnownFileType = video.quicktime; path = Start_Video_2.mov; sourceTree = "<group>"; };
		3DBEE1DF20A845A30016EF41 /* InAppCollectionViewCell.swift */ = {isa = PBXFileReference; lastKnownFileType = sourcecode.swift; path = InAppCollectionViewCell.swift; sourceTree = "<group>"; };
		3DBEE1E020A845A30016EF41 /* InAppCollectionViewCell.xib */ = {isa = PBXFileReference; lastKnownFileType = file.xib; path = InAppCollectionViewCell.xib; sourceTree = "<group>"; };
		3DCFF82D208CCD860034BFC0 /* offline_videoxxx22.mov */ = {isa = PBXFileReference; lastKnownFileType = video.quicktime; path = offline_videoxxx22.mov; sourceTree = "<group>"; };
		3DCFF82E208CCD860034BFC0 /* offline_videoxxx36.mov */ = {isa = PBXFileReference; lastKnownFileType = video.quicktime; path = offline_videoxxx36.mov; sourceTree = "<group>"; };
		3DCFF82F208CCD860034BFC0 /* offline_videoxxx37.mov */ = {isa = PBXFileReference; lastKnownFileType = video.quicktime; path = offline_videoxxx37.mov; sourceTree = "<group>"; };
		3DCFF830208CCD860034BFC0 /* offline_videoxxx23.mov */ = {isa = PBXFileReference; lastKnownFileType = video.quicktime; path = offline_videoxxx23.mov; sourceTree = "<group>"; };
		3DCFF831208CCD860034BFC0 /* offline_videoxxx35.mov */ = {isa = PBXFileReference; lastKnownFileType = video.quicktime; path = offline_videoxxx35.mov; sourceTree = "<group>"; };
		3DCFF832208CCD860034BFC0 /* offline_videoxxx21.mov */ = {isa = PBXFileReference; lastKnownFileType = video.quicktime; path = offline_videoxxx21.mov; sourceTree = "<group>"; };
		3DCFF833208CCD860034BFC0 /* offline_videoxxx20.mov */ = {isa = PBXFileReference; lastKnownFileType = video.quicktime; path = offline_videoxxx20.mov; sourceTree = "<group>"; };
		3DCFF834208CCD860034BFC0 /* offline_videoxxx34.mov */ = {isa = PBXFileReference; lastKnownFileType = video.quicktime; path = offline_videoxxx34.mov; sourceTree = "<group>"; };
		3DCFF835208CCD860034BFC0 /* offline_videoxxx30.mov */ = {isa = PBXFileReference; lastKnownFileType = video.quicktime; path = offline_videoxxx30.mov; sourceTree = "<group>"; };
		3DCFF836208CCD860034BFC0 /* offline_videoxxx24.mov */ = {isa = PBXFileReference; lastKnownFileType = video.quicktime; path = offline_videoxxx24.mov; sourceTree = "<group>"; };
		3DCFF837208CCD860034BFC0 /* offline_videoxxx18.mov */ = {isa = PBXFileReference; lastKnownFileType = video.quicktime; path = offline_videoxxx18.mov; sourceTree = "<group>"; };
		3DCFF838208CCD860034BFC0 /* offline_videoxxx19.mov */ = {isa = PBXFileReference; lastKnownFileType = video.quicktime; path = offline_videoxxx19.mov; sourceTree = "<group>"; };
		3DCFF839208CCD860034BFC0 /* offline_videoxxx25.mov */ = {isa = PBXFileReference; lastKnownFileType = video.quicktime; path = offline_videoxxx25.mov; sourceTree = "<group>"; };
		3DCFF83A208CCD860034BFC0 /* offline_videoxxx31.mov */ = {isa = PBXFileReference; lastKnownFileType = video.quicktime; path = offline_videoxxx31.mov; sourceTree = "<group>"; };
		3DCFF83B208CCD860034BFC0 /* offline_videoxxx27.mov */ = {isa = PBXFileReference; lastKnownFileType = video.quicktime; path = offline_videoxxx27.mov; sourceTree = "<group>"; };
		3DCFF83C208CCD860034BFC0 /* offline_videoxxx33.mov */ = {isa = PBXFileReference; lastKnownFileType = video.quicktime; path = offline_videoxxx33.mov; sourceTree = "<group>"; };
		3DCFF83D208CCD860034BFC0 /* offline_videoxxx32.mov */ = {isa = PBXFileReference; lastKnownFileType = video.quicktime; path = offline_videoxxx32.mov; sourceTree = "<group>"; };
		3DCFF83E208CCD860034BFC0 /* offline_videoxxx26.mov */ = {isa = PBXFileReference; lastKnownFileType = video.quicktime; path = offline_videoxxx26.mov; sourceTree = "<group>"; };
		3DCFF83F208CCD860034BFC0 /* offline_videoxxx41.mov */ = {isa = PBXFileReference; lastKnownFileType = video.quicktime; path = offline_videoxxx41.mov; sourceTree = "<group>"; };
		3DCFF840208CCD860034BFC0 /* offline_videoxxx55.mov */ = {isa = PBXFileReference; lastKnownFileType = video.quicktime; path = offline_videoxxx55.mov; sourceTree = "<group>"; };
		3DCFF841208CCD860034BFC0 /* offline_videoxxx4.mov */ = {isa = PBXFileReference; lastKnownFileType = video.quicktime; path = offline_videoxxx4.mov; sourceTree = "<group>"; };
		3DCFF842208CCD860034BFC0 /* offline_videoxxx5.mov */ = {isa = PBXFileReference; lastKnownFileType = video.quicktime; path = offline_videoxxx5.mov; sourceTree = "<group>"; };
		3DCFF843208CCD860034BFC0 /* offline_videoxxx54.mov */ = {isa = PBXFileReference; lastKnownFileType = video.quicktime; path = offline_videoxxx54.mov; sourceTree = "<group>"; };
		3DCFF844208CCD860034BFC0 /* offline_videoxxx40.mov */ = {isa = PBXFileReference; lastKnownFileType = video.quicktime; path = offline_videoxxx40.mov; sourceTree = "<group>"; };
		3DCFF845208CCD860034BFC0 /* offline_videoxxx42.mov */ = {isa = PBXFileReference; lastKnownFileType = video.quicktime; path = offline_videoxxx42.mov; sourceTree = "<group>"; };
		3DCFF846208CCD860034BFC0 /* offline_videoxxx7.mov */ = {isa = PBXFileReference; lastKnownFileType = video.quicktime; path = offline_videoxxx7.mov; sourceTree = "<group>"; };
		3DCFF847208CCD860034BFC0 /* offline_videoxxx6.mov */ = {isa = PBXFileReference; lastKnownFileType = video.quicktime; path = offline_videoxxx6.mov; sourceTree = "<group>"; };
		3DCFF848208CCD860034BFC0 /* offline_videoxxx43.mov */ = {isa = PBXFileReference; lastKnownFileType = video.quicktime; path = offline_videoxxx43.mov; sourceTree = "<group>"; };
		3DCFF849208CCD860034BFC0 /* offline_videoxxx53.mov */ = {isa = PBXFileReference; lastKnownFileType = video.quicktime; path = offline_videoxxx53.mov; sourceTree = "<group>"; };
		3DCFF84A208CCD860034BFC0 /* offline_videoxxx47.mov */ = {isa = PBXFileReference; lastKnownFileType = video.quicktime; path = offline_videoxxx47.mov; sourceTree = "<group>"; };
		3DCFF84B208CCD860034BFC0 /* offline_videoxxx2.mov */ = {isa = PBXFileReference; lastKnownFileType = video.quicktime; path = offline_videoxxx2.mov; sourceTree = "<group>"; };
		3DCFF84C208CCD860034BFC0 /* offline_videoxxx3.mov */ = {isa = PBXFileReference; lastKnownFileType = video.quicktime; path = offline_videoxxx3.mov; sourceTree = "<group>"; };
		3DCFF84D208CCD860034BFC0 /* offline_videoxxx46.mov */ = {isa = PBXFileReference; lastKnownFileType = video.quicktime; path = offline_videoxxx46.mov; sourceTree = "<group>"; };
		3DCFF84E208CCD860034BFC0 /* offline_videoxxx52.mov */ = {isa = PBXFileReference; lastKnownFileType = video.quicktime; path = offline_videoxxx52.mov; sourceTree = "<group>"; };
		3DCFF84F208CCD860034BFC0 /* offline_videoxxx44.mov */ = {isa = PBXFileReference; lastKnownFileType = video.quicktime; path = offline_videoxxx44.mov; sourceTree = "<group>"; };
		3DCFF850208CCD860034BFC0 /* offline_videoxxx50.mov */ = {isa = PBXFileReference; lastKnownFileType = video.quicktime; path = offline_videoxxx50.mov; sourceTree = "<group>"; };
		3DCFF851208CCD860034BFC0 /* offline_videoxxx1.mov */ = {isa = PBXFileReference; lastKnownFileType = video.quicktime; path = offline_videoxxx1.mov; sourceTree = "<group>"; };
		3DCFF852208CCD860034BFC0 /* offline_videoxxx51.mov */ = {isa = PBXFileReference; lastKnownFileType = video.quicktime; path = offline_videoxxx51.mov; sourceTree = "<group>"; };
		3DCFF853208CCD860034BFC0 /* offline_videoxxx45.mov */ = {isa = PBXFileReference; lastKnownFileType = video.quicktime; path = offline_videoxxx45.mov; sourceTree = "<group>"; };
		3DCFF854208CCD860034BFC0 /* offline_videoxxx48.mov */ = {isa = PBXFileReference; lastKnownFileType = video.quicktime; path = offline_videoxxx48.mov; sourceTree = "<group>"; };
		3DCFF855208CCD860034BFC0 /* offline_videoxxx49.mov */ = {isa = PBXFileReference; lastKnownFileType = video.quicktime; path = offline_videoxxx49.mov; sourceTree = "<group>"; };
		3DCFF856208CCD860034BFC0 /* offline_videoxxx8.mov */ = {isa = PBXFileReference; lastKnownFileType = video.quicktime; path = offline_videoxxx8.mov; sourceTree = "<group>"; };
		3DCFF857208CCD860034BFC0 /* offline_videoxxx9.mov */ = {isa = PBXFileReference; lastKnownFileType = video.quicktime; path = offline_videoxxx9.mov; sourceTree = "<group>"; };
		3DCFF858208CCD860034BFC0 /* offline_videoxxx17.mov */ = {isa = PBXFileReference; lastKnownFileType = video.quicktime; path = offline_videoxxx17.mov; sourceTree = "<group>"; };
		3DCFF859208CCD860034BFC0 /* offline_videoxxx16.mov */ = {isa = PBXFileReference; lastKnownFileType = video.quicktime; path = offline_videoxxx16.mov; sourceTree = "<group>"; };
		3DCFF85A208CCD860034BFC0 /* offline_videoxxx28.mov */ = {isa = PBXFileReference; lastKnownFileType = video.quicktime; path = offline_videoxxx28.mov; sourceTree = "<group>"; };
		3DCFF85B208CCD860034BFC0 /* offline_videoxxx14.mov */ = {isa = PBXFileReference; lastKnownFileType = video.quicktime; path = offline_videoxxx14.mov; sourceTree = "<group>"; };
		3DCFF85C208CCD860034BFC0 /* offline_videoxxx15.mov */ = {isa = PBXFileReference; lastKnownFileType = video.quicktime; path = offline_videoxxx15.mov; sourceTree = "<group>"; };
		3DCFF85D208CCD860034BFC0 /* offline_videoxxx29.mov */ = {isa = PBXFileReference; lastKnownFileType = video.quicktime; path = offline_videoxxx29.mov; sourceTree = "<group>"; };
		3DCFF85E208CCD860034BFC0 /* offline_videoxxx11.mov */ = {isa = PBXFileReference; lastKnownFileType = video.quicktime; path = offline_videoxxx11.mov; sourceTree = "<group>"; };
		3DCFF85F208CCD860034BFC0 /* offline_videoxxx39.mov */ = {isa = PBXFileReference; lastKnownFileType = video.quicktime; path = offline_videoxxx39.mov; sourceTree = "<group>"; };
		3DCFF860208CCD860034BFC0 /* offline_videoxxx38.mov */ = {isa = PBXFileReference; lastKnownFileType = video.quicktime; path = offline_videoxxx38.mov; sourceTree = "<group>"; };
		3DCFF861208CCD860034BFC0 /* offline_videoxxx10.mov */ = {isa = PBXFileReference; lastKnownFileType = video.quicktime; path = offline_videoxxx10.mov; sourceTree = "<group>"; };
		3DCFF862208CCD860034BFC0 /* offline_videoxxx12.mov */ = {isa = PBXFileReference; lastKnownFileType = video.quicktime; path = offline_videoxxx12.mov; sourceTree = "<group>"; };
		3DCFF863208CCD860034BFC0 /* offline_videoxxx13.mov */ = {isa = PBXFileReference; lastKnownFileType = video.quicktime; path = offline_videoxxx13.mov; sourceTree = "<group>"; };
		3DCFF865208CCD860034BFC0 /* offline_imagexxx48.jpg */ = {isa = PBXFileReference; lastKnownFileType = image.jpeg; path = offline_imagexxx48.jpg; sourceTree = "<group>"; };
		3DCFF866208CCD860034BFC0 /* offline_imagexxx49.jpg */ = {isa = PBXFileReference; lastKnownFileType = image.jpeg; path = offline_imagexxx49.jpg; sourceTree = "<group>"; };
		3DCFF867208CCD860034BFC0 /* offline_imagexxx12.jpg */ = {isa = PBXFileReference; lastKnownFileType = image.jpeg; path = offline_imagexxx12.jpg; sourceTree = "<group>"; };
		3DCFF868208CCD860034BFC0 /* offline_imagexxx5.jpg */ = {isa = PBXFileReference; lastKnownFileType = image.jpeg; path = offline_imagexxx5.jpg; sourceTree = "<group>"; };
		3DCFF869208CCD860034BFC0 /* offline_imagexxx4.jpg */ = {isa = PBXFileReference; lastKnownFileType = image.jpeg; path = offline_imagexxx4.jpg; sourceTree = "<group>"; };
		3DCFF86A208CCD860034BFC0 /* offline_imagexxx13.jpg */ = {isa = PBXFileReference; lastKnownFileType = image.jpeg; path = offline_imagexxx13.jpg; sourceTree = "<group>"; };
		3DCFF86B208CCD860034BFC0 /* offline_imagexxx11.jpg */ = {isa = PBXFileReference; lastKnownFileType = image.jpeg; path = offline_imagexxx11.jpg; sourceTree = "<group>"; };
		3DCFF86C208CCD860034BFC0 /* offline_imagexxx39.jpg */ = {isa = PBXFileReference; lastKnownFileType = image.jpeg; path = offline_imagexxx39.jpg; sourceTree = "<group>"; };
		3DCFF86D208CCD860034BFC0 /* offline_imagexxx6.jpg */ = {isa = PBXFileReference; lastKnownFileType = image.jpeg; path = offline_imagexxx6.jpg; sourceTree = "<group>"; };
		3DCFF86E208CCD860034BFC0 /* offline_imagexxx7.jpg */ = {isa = PBXFileReference; lastKnownFileType = image.jpeg; path = offline_imagexxx7.jpg; sourceTree = "<group>"; };
		3DCFF86F208CCD860034BFC0 /* offline_imagexxx38.jpg */ = {isa = PBXFileReference; lastKnownFileType = image.jpeg; path = offline_imagexxx38.jpg; sourceTree = "<group>"; };
		3DCFF870208CCD860034BFC0 /* offline_imagexxx10.jpg */ = {isa = PBXFileReference; lastKnownFileType = image.jpeg; path = offline_imagexxx10.jpg; sourceTree = "<group>"; };
		3DCFF871208CCD860034BFC0 /* offline_imagexxx28.jpg */ = {isa = PBXFileReference; lastKnownFileType = image.jpeg; path = offline_imagexxx28.jpg; sourceTree = "<group>"; };
		3DCFF872208CCD860034BFC0 /* offline_imagexxx14.jpg */ = {isa = PBXFileReference; lastKnownFileType = image.jpeg; path = offline_imagexxx14.jpg; sourceTree = "<group>"; };
		3DCFF873208CCD860034BFC0 /* offline_imagexxx3.jpg */ = {isa = PBXFileReference; lastKnownFileType = image.jpeg; path = offline_imagexxx3.jpg; sourceTree = "<group>"; };
		3DCFF874208CCD860034BFC0 /* offline_imagexxx2.jpg */ = {isa = PBXFileReference; lastKnownFileType = image.jpeg; path = offline_imagexxx2.jpg; sourceTree = "<group>"; };
		3DCFF875208CCD860034BFC0 /* offline_imagexxx15.jpg */ = {isa = PBXFileReference; lastKnownFileType = image.jpeg; path = offline_imagexxx15.jpg; sourceTree = "<group>"; };
		3DCFF876208CCD860034BFC0 /* offline_imagexxx29.jpg */ = {isa = PBXFileReference; lastKnownFileType = image.jpeg; path = offline_imagexxx29.jpg; sourceTree = "<group>"; };
		3DCFF877208CCD860034BFC0 /* offline_imagexxx17.jpg */ = {isa = PBXFileReference; lastKnownFileType = image.jpeg; path = offline_imagexxx17.jpg; sourceTree = "<group>"; };
		3DCFF878208CCD860034BFC0 /* offline_imagexxx1.jpg */ = {isa = PBXFileReference; lastKnownFileType = image.jpeg; path = offline_imagexxx1.jpg; sourceTree = "<group>"; };
		3DCFF879208CCD860034BFC0 /* offline_imagexxx16.jpg */ = {isa = PBXFileReference; lastKnownFileType = image.jpeg; path = offline_imagexxx16.jpg; sourceTree = "<group>"; };
		3DCFF87A208CCD860034BFC0 /* offline_imagexxx27.jpg */ = {isa = PBXFileReference; lastKnownFileType = image.jpeg; path = offline_imagexxx27.jpg; sourceTree = "<group>"; };
		3DCFF87B208CCD860034BFC0 /* offline_imagexxx33.jpg */ = {isa = PBXFileReference; lastKnownFileType = image.jpeg; path = offline_imagexxx33.jpg; sourceTree = "<group>"; };
		3DCFF87C208CCD860034BFC0 /* offline_imagexxx32.jpg */ = {isa = PBXFileReference; lastKnownFileType = image.jpeg; path = offline_imagexxx32.jpg; sourceTree = "<group>"; };
		3DCFF87D208CCD860034BFC0 /* offline_imagexxx26.jpg */ = {isa = PBXFileReference; lastKnownFileType = image.jpeg; path = offline_imagexxx26.jpg; sourceTree = "<group>"; };
		3DCFF87E208CCD860034BFC0 /* offline_imagexxx30.jpg */ = {isa = PBXFileReference; lastKnownFileType = image.jpeg; path = offline_imagexxx30.jpg; sourceTree = "<group>"; };
		3DCFF87F208CCD860034BFC0 /* offline_imagexxx24.jpg */ = {isa = PBXFileReference; lastKnownFileType = image.jpeg; path = offline_imagexxx24.jpg; sourceTree = "<group>"; };
		3DCFF880208CCD860034BFC0 /* offline_imagexxx18.jpg */ = {isa = PBXFileReference; lastKnownFileType = image.jpeg; path = offline_imagexxx18.jpg; sourceTree = "<group>"; };
		3DCFF881208CCD860034BFC0 /* offline_imagexxx19.jpg */ = {isa = PBXFileReference; lastKnownFileType = image.jpeg; path = offline_imagexxx19.jpg; sourceTree = "<group>"; };
		3DCFF882208CCD860034BFC0 /* offline_imagexxx25.jpg */ = {isa = PBXFileReference; lastKnownFileType = image.jpeg; path = offline_imagexxx25.jpg; sourceTree = "<group>"; };
		3DCFF883208CCD860034BFC0 /* offline_imagexxx31.jpg */ = {isa = PBXFileReference; lastKnownFileType = image.jpeg; path = offline_imagexxx31.jpg; sourceTree = "<group>"; };
		3DCFF884208CCD860034BFC0 /* offline_imagexxx35.jpg */ = {isa = PBXFileReference; lastKnownFileType = image.jpeg; path = offline_imagexxx35.jpg; sourceTree = "<group>"; };
		3DCFF885208CCD860034BFC0 /* offline_imagexxx21.jpg */ = {isa = PBXFileReference; lastKnownFileType = image.jpeg; path = offline_imagexxx21.jpg; sourceTree = "<group>"; };
		3DCFF886208CCD860034BFC0 /* offline_imagexxx20.jpg */ = {isa = PBXFileReference; lastKnownFileType = image.jpeg; path = offline_imagexxx20.jpg; sourceTree = "<group>"; };
		3DCFF887208CCD860034BFC0 /* offline_imagexxx34.jpg */ = {isa = PBXFileReference; lastKnownFileType = image.jpeg; path = offline_imagexxx34.jpg; sourceTree = "<group>"; };
		3DCFF888208CCD860034BFC0 /* offline_imagexxx22.jpg */ = {isa = PBXFileReference; lastKnownFileType = image.jpeg; path = offline_imagexxx22.jpg; sourceTree = "<group>"; };
		3DCFF889208CCD860034BFC0 /* offline_imagexxx36.jpg */ = {isa = PBXFileReference; lastKnownFileType = image.jpeg; path = offline_imagexxx36.jpg; sourceTree = "<group>"; };
		3DCFF88A208CCD860034BFC0 /* offline_imagexxx9.jpg */ = {isa = PBXFileReference; lastKnownFileType = image.jpeg; path = offline_imagexxx9.jpg; sourceTree = "<group>"; };
		3DCFF88B208CCD860034BFC0 /* offline_imagexxx8.jpg */ = {isa = PBXFileReference; lastKnownFileType = image.jpeg; path = offline_imagexxx8.jpg; sourceTree = "<group>"; };
		3DCFF88C208CCD860034BFC0 /* offline_imagexxx37.jpg */ = {isa = PBXFileReference; lastKnownFileType = image.jpeg; path = offline_imagexxx37.jpg; sourceTree = "<group>"; };
		3DCFF88D208CCD860034BFC0 /* offline_imagexxx44.jpg */ = {isa = PBXFileReference; lastKnownFileType = image.jpeg; path = offline_imagexxx44.jpg; sourceTree = "<group>"; };
		3DCFF88E208CCD860034BFC0 /* offline_imagexxx50.jpg */ = {isa = PBXFileReference; lastKnownFileType = image.jpeg; path = offline_imagexxx50.jpg; sourceTree = "<group>"; };
		3DCFF88F208CCD860034BFC0 /* offline_imagexxx51.jpg */ = {isa = PBXFileReference; lastKnownFileType = image.jpeg; path = offline_imagexxx51.jpg; sourceTree = "<group>"; };
		3DCFF890208CCD860034BFC0 /* offline_imagexxx45.jpg */ = {isa = PBXFileReference; lastKnownFileType = image.jpeg; path = offline_imagexxx45.jpg; sourceTree = "<group>"; };
		3DCFF891208CCD860034BFC0 /* offline_imagexxx53.jpg */ = {isa = PBXFileReference; lastKnownFileType = image.jpeg; path = offline_imagexxx53.jpg; sourceTree = "<group>"; };
		3DCFF892208CCD860034BFC0 /* offline_imagexxx47.jpg */ = {isa = PBXFileReference; lastKnownFileType = image.jpeg; path = offline_imagexxx47.jpg; sourceTree = "<group>"; };
		3DCFF893208CCD860034BFC0 /* offline_imagexxx46.jpg */ = {isa = PBXFileReference; lastKnownFileType = image.jpeg; path = offline_imagexxx46.jpg; sourceTree = "<group>"; };
		3DCFF894208CCD860034BFC0 /* offline_imagexxx52.jpg */ = {isa = PBXFileReference; lastKnownFileType = image.jpeg; path = offline_imagexxx52.jpg; sourceTree = "<group>"; };
		3DCFF895208CCD860034BFC0 /* offline_imagexxx42.jpg */ = {isa = PBXFileReference; lastKnownFileType = image.jpeg; path = offline_imagexxx42.jpg; sourceTree = "<group>"; };
		3DCFF896208CCD860034BFC0 /* offline_imagexxx43.jpg */ = {isa = PBXFileReference; lastKnownFileType = image.jpeg; path = offline_imagexxx43.jpg; sourceTree = "<group>"; };
		3DCFF897208CCD860034BFC0 /* offline_imagexxx41.jpg */ = {isa = PBXFileReference; lastKnownFileType = image.jpeg; path = offline_imagexxx41.jpg; sourceTree = "<group>"; };
		3DCFF898208CCD860034BFC0 /* offline_imagexxx55.jpg */ = {isa = PBXFileReference; lastKnownFileType = image.jpeg; path = offline_imagexxx55.jpg; sourceTree = "<group>"; };
		3DCFF899208CCD860034BFC0 /* offline_imagexxx54.jpg */ = {isa = PBXFileReference; lastKnownFileType = image.jpeg; path = offline_imagexxx54.jpg; sourceTree = "<group>"; };
		3DCFF89A208CCD860034BFC0 /* offline_imagexxx40.jpg */ = {isa = PBXFileReference; lastKnownFileType = image.jpeg; path = offline_imagexxx40.jpg; sourceTree = "<group>"; };
		3DE1B19020A8491A007F0212 /* wallpaper_inapp.png */ = {isa = PBXFileReference; lastKnownFileType = image.png; path = wallpaper_inapp.png; sourceTree = "<group>"; };
		3DE1B19220A8668C007F0212 /* IAPHandler.swift */ = {isa = PBXFileReference; fileEncoding = 4; lastKnownFileType = sourcecode.swift; path = IAPHandler.swift; sourceTree = "<group>"; };
		3DE1B19420A89533007F0212 /* InAppViewController.swift */ = {isa = PBXFileReference; lastKnownFileType = sourcecode.swift; path = InAppViewController.swift; sourceTree = "<group>"; };
		5C333460C55EE4986C4A6037 /* Pods_iLive.framework */ = {isa = PBXFileReference; explicitFileType = wrapper.framework; includeInIndex = 0; path = Pods_iLive.framework; sourceTree = BUILT_PRODUCTS_DIR; };
		7358F63D9A26EE636EEC9617 /* Pods-iLive.debug.xcconfig */ = {isa = PBXFileReference; includeInIndex = 1; lastKnownFileType = text.xcconfig; name = "Pods-iLive.debug.xcconfig"; path = "Pods/Target Support Files/Pods-iLive/Pods-iLive.debug.xcconfig"; sourceTree = "<group>"; };
		E9775801BCF4E5CEB593066E /* Pods-iLive.release.xcconfig */ = {isa = PBXFileReference; includeInIndex = 1; lastKnownFileType = text.xcconfig; name = "Pods-iLive.release.xcconfig"; path = "Pods/Target Support Files/Pods-iLive/Pods-iLive.release.xcconfig"; sourceTree = "<group>"; };
/* End PBXFileReference section */

/* Begin PBXFrameworksBuildPhase section */
		3D286E6F20693CC800298FA7 /* Frameworks */ = {
			isa = PBXFrameworksBuildPhase;
			buildActionMask = 2147483647;
			files = (
				3D34E27F20A93EA70042B75F /* StoreKit.framework in Frameworks */,
				3D2963C020786DFD003FB61E /* PhotosUI.framework in Frameworks */,
				B086CF3AB110B57F12D487A5 /* Pods_iLive.framework in Frameworks */,
			);
			runOnlyForDeploymentPostprocessing = 0;
		};
/* End PBXFrameworksBuildPhase section */

/* Begin PBXGroup section */
		3D1E29982069415300DF7433 /* ThirdParty */ = {
			isa = PBXGroup;
			children = (
				3D1E29992069416200DF7433 /* MBProgressHUD */,
			);
			path = ThirdParty;
			sourceTree = "<group>";
		};
		3D1E29992069416200DF7433 /* MBProgressHUD */ = {
			isa = PBXGroup;
			children = (
				3D1E299A2069416200DF7433 /* MBProgressHUD.h */,
				3D1E299B2069416200DF7433 /* MBProgressHUD.m */,
			);
			path = MBProgressHUD;
			sourceTree = "<group>";
		};
		3D2198C12074D6E400F6C632 /* Views */ = {
			isa = PBXGroup;
			children = (
				3D2198C22074D6E400F6C632 /* FeaturedCell.swift */,
				3D2198C32074D6E400F6C632 /* FeaturedCell.xib */,
				3D2198C42074D6E400F6C632 /* WallpaperCell.swift */,
				3D2198C52074D6E400F6C632 /* WallpaperCell.xib */,
			);
			path = Views;
			sourceTree = "<group>";
		};
		3D2339172079F2F3005CD10D /* ViewController */ = {
			isa = PBXGroup;
			children = (
				3D7971C7206954B600876825 /* MenuViewController.swift */,
				3D7971C52069536600876825 /* LiveNavigationController.swift */,
				3D286E7720693CC800298FA7 /* RootViewController.swift */,
				3D2198BB207478F100F6C632 /* ListViewController.swift */,
				3D2198BF2074944800F6C632 /* BaseViewController.swift */,
				3D2198BD20748BFE00F6C632 /* LoadingViewController.swift */,
				3D2963C320786F68003FB61E /* VideoViewController.swift */,
				3DAF44C12078B6740033895F /* PageViewController.swift */,
				3D23391D207A3F4D005CD10D /* TermsViewController.swift */,
				3DBEE1C820A7DF8E0016EF41 /* StartViewController.swift */,
			);
			path = ViewController;
			sourceTree = "<group>";
		};
		3D2339182079F33F005CD10D /* Services */ = {
			isa = PBXGroup;
			children = (
				3D9B07182071E1A7007F119C /* PhotoService.swift */,
				3D9B07162071E194007F119C /* DataStore.swift */,
				3D676352207126030041D8CD /* Utils.swift */,
				3DAF44C32078BFDC0033895F /* JPEG.swift */,
				3DAF44C42078BFDC0033895F /* QuickTimeMov.swift */,
				3D676350207121160041D8CD /* Constants.swift */,
			);
			path = Services;
			sourceTree = "<group>";
		};
		3D286E6920693CC800298FA7 = {
			isa = PBXGroup;
			children = (
				3D286E7420693CC800298FA7 /* iLive */,
				3D286E7320693CC800298FA7 /* Products */,
				79D1C6049F73855846620C80 /* Pods */,
				B4AEDEDA6AA4E152C5E6E208 /* Frameworks */,
			);
			sourceTree = "<group>";
		};
		3D286E7320693CC800298FA7 /* Products */ = {
			isa = PBXGroup;
			children = (
				3D286E7220693CC800298FA7 /* iLive.app */,
			);
			name = Products;
			sourceTree = "<group>";
		};
		3D286E7420693CC800298FA7 /* iLive */ = {
			isa = PBXGroup;
			children = (
				3DE1B19220A8668C007F0212 /* IAPHandler.swift */,
				3DE1B19020A8491A007F0212 /* wallpaper_inapp.png */,
				3DBEE1CE20A82B420016EF41 /* StartFolder */,
				3DCFF82B208CCD860034BFC0 /* Image_Offline */,
				3D2339182079F33F005CD10D /* Services */,
				3D2339172079F2F3005CD10D /* ViewController */,
				3D2198C12074D6E400F6C632 /* Views */,
				3D9B07092071E09B007F119C /* Models */,
				3D1E29982069415300DF7433 /* ThirdParty */,
				3D286E7520693CC800298FA7 /* AppDelegate.swift */,
				3D286E7920693CC800298FA7 /* Main.storyboard */,
				3D286E7C20693CC800298FA7 /* Assets.xcassets */,
				3D286E7E20693CC800298FA7 /* LaunchScreen.storyboard */,
				3D286E8120693CC800298FA7 /* Info.plist */,
				3D1E299D206941CE00DF7433 /* iLive-Bridging-Header.h */,
				3D23391B207A3E89005CD10D /* policy.txt */,
				3DBEE1CA20A7EE140016EF41 /* StartCollectionViewCell.swift */,
				3DBEE1CB20A7EE140016EF41 /* StartCollectionViewCell.xib */,
				3DBEE1DF20A845A30016EF41 /* InAppCollectionViewCell.swift */,
				3DBEE1E020A845A30016EF41 /* InAppCollectionViewCell.xib */,
				3DE1B19420A89533007F0212 /* InAppViewController.swift */,
			);
			path = iLive;
			sourceTree = "<group>";
		};
		3D9B07092071E09B007F119C /* Models */ = {
			isa = PBXGroup;
			children = (
				3D9B070A2071E09B007F119C /* BlackWallpaper.swift */,
				3D9B070B2071E09B007F119C /* Featured.swift */,
				3D9B070C2071E09B007F119C /* FirstFeatured.swift */,
				3D9B070D2071E09B007F119C /* LivePhoto.swift */,
				3D9B070E2071E09B007F119C /* LiveWallpaper.swift */,
				3D9B070F2071E09B007F119C /* Post.swift */,
			);
			path = Models;
			sourceTree = "<group>";
		};
		3DBEE1CE20A82B420016EF41 /* StartFolder */ = {
			isa = PBXGroup;
			children = (
				3DBEE1DA20A82BA90016EF41 /* Start_Image_2.jpg */,
				3DBEE1D920A82BA90016EF41 /* Start_Video_1.mov */,
				3DBEE1DB20A82BA90016EF41 /* Start_Video_2.mov */,
				3DBEE1D720A82B920016EF41 /* Start_Image_1.jpg */,
			);
			path = StartFolder;
			sourceTree = "<group>";
		};
		3DCFF82B208CCD860034BFC0 /* Image_Offline */ = {
			isa = PBXGroup;
			children = (
				3DCFF82C208CCD860034BFC0 /* Video */,
				3DCFF864208CCD860034BFC0 /* Image */,
			);
			path = Image_Offline;
			sourceTree = "<group>";
		};
		3DCFF82C208CCD860034BFC0 /* Video */ = {
			isa = PBXGroup;
			children = (
				3DCFF82D208CCD860034BFC0 /* offline_videoxxx22.mov */,
				3DCFF82E208CCD860034BFC0 /* offline_videoxxx36.mov */,
				3DCFF82F208CCD860034BFC0 /* offline_videoxxx37.mov */,
				3DCFF830208CCD860034BFC0 /* offline_videoxxx23.mov */,
				3DCFF831208CCD860034BFC0 /* offline_videoxxx35.mov */,
				3DCFF832208CCD860034BFC0 /* offline_videoxxx21.mov */,
				3DCFF833208CCD860034BFC0 /* offline_videoxxx20.mov */,
				3DCFF834208CCD860034BFC0 /* offline_videoxxx34.mov */,
				3DCFF835208CCD860034BFC0 /* offline_videoxxx30.mov */,
				3DCFF836208CCD860034BFC0 /* offline_videoxxx24.mov */,
				3DCFF837208CCD860034BFC0 /* offline_videoxxx18.mov */,
				3DCFF838208CCD860034BFC0 /* offline_videoxxx19.mov */,
				3DCFF839208CCD860034BFC0 /* offline_videoxxx25.mov */,
				3DCFF83A208CCD860034BFC0 /* offline_videoxxx31.mov */,
				3DCFF83B208CCD860034BFC0 /* offline_videoxxx27.mov */,
				3DCFF83C208CCD860034BFC0 /* offline_videoxxx33.mov */,
				3DCFF83D208CCD860034BFC0 /* offline_videoxxx32.mov */,
				3DCFF83E208CCD860034BFC0 /* offline_videoxxx26.mov */,
				3DCFF83F208CCD860034BFC0 /* offline_videoxxx41.mov */,
				3DCFF840208CCD860034BFC0 /* offline_videoxxx55.mov */,
				3DCFF841208CCD860034BFC0 /* offline_videoxxx4.mov */,
				3DCFF842208CCD860034BFC0 /* offline_videoxxx5.mov */,
				3DCFF843208CCD860034BFC0 /* offline_videoxxx54.mov */,
				3DCFF844208CCD860034BFC0 /* offline_videoxxx40.mov */,
				3DCFF845208CCD860034BFC0 /* offline_videoxxx42.mov */,
				3DCFF846208CCD860034BFC0 /* offline_videoxxx7.mov */,
				3DCFF847208CCD860034BFC0 /* offline_videoxxx6.mov */,
				3DCFF848208CCD860034BFC0 /* offline_videoxxx43.mov */,
				3DCFF849208CCD860034BFC0 /* offline_videoxxx53.mov */,
				3DCFF84A208CCD860034BFC0 /* offline_videoxxx47.mov */,
				3DCFF84B208CCD860034BFC0 /* offline_videoxxx2.mov */,
				3DCFF84C208CCD860034BFC0 /* offline_videoxxx3.mov */,
				3DCFF84D208CCD860034BFC0 /* offline_videoxxx46.mov */,
				3DCFF84E208CCD860034BFC0 /* offline_videoxxx52.mov */,
				3DCFF84F208CCD860034BFC0 /* offline_videoxxx44.mov */,
				3DCFF850208CCD860034BFC0 /* offline_videoxxx50.mov */,
				3DCFF851208CCD860034BFC0 /* offline_videoxxx1.mov */,
				3DCFF852208CCD860034BFC0 /* offline_videoxxx51.mov */,
				3DCFF853208CCD860034BFC0 /* offline_videoxxx45.mov */,
				3DCFF854208CCD860034BFC0 /* offline_videoxxx48.mov */,
				3DCFF855208CCD860034BFC0 /* offline_videoxxx49.mov */,
				3DCFF856208CCD860034BFC0 /* offline_videoxxx8.mov */,
				3DCFF857208CCD860034BFC0 /* offline_videoxxx9.mov */,
				3DCFF858208CCD860034BFC0 /* offline_videoxxx17.mov */,
				3DCFF859208CCD860034BFC0 /* offline_videoxxx16.mov */,
				3DCFF85A208CCD860034BFC0 /* offline_videoxxx28.mov */,
				3DCFF85B208CCD860034BFC0 /* offline_videoxxx14.mov */,
				3DCFF85C208CCD860034BFC0 /* offline_videoxxx15.mov */,
				3DCFF85D208CCD860034BFC0 /* offline_videoxxx29.mov */,
				3DCFF85E208CCD860034BFC0 /* offline_videoxxx11.mov */,
				3DCFF85F208CCD860034BFC0 /* offline_videoxxx39.mov */,
				3DCFF860208CCD860034BFC0 /* offline_videoxxx38.mov */,
				3DCFF861208CCD860034BFC0 /* offline_videoxxx10.mov */,
				3DCFF862208CCD860034BFC0 /* offline_videoxxx12.mov */,
				3DCFF863208CCD860034BFC0 /* offline_videoxxx13.mov */,
			);
			path = Video;
			sourceTree = "<group>";
		};
		3DCFF864208CCD860034BFC0 /* Image */ = {
			isa = PBXGroup;
			children = (
				3DCFF865208CCD860034BFC0 /* offline_imagexxx48.jpg */,
				3DCFF866208CCD860034BFC0 /* offline_imagexxx49.jpg */,
				3DCFF867208CCD860034BFC0 /* offline_imagexxx12.jpg */,
				3DCFF868208CCD860034BFC0 /* offline_imagexxx5.jpg */,
				3DCFF869208CCD860034BFC0 /* offline_imagexxx4.jpg */,
				3DCFF86A208CCD860034BFC0 /* offline_imagexxx13.jpg */,
				3DCFF86B208CCD860034BFC0 /* offline_imagexxx11.jpg */,
				3DCFF86C208CCD860034BFC0 /* offline_imagexxx39.jpg */,
				3DCFF86D208CCD860034BFC0 /* offline_imagexxx6.jpg */,
				3DCFF86E208CCD860034BFC0 /* offline_imagexxx7.jpg */,
				3DCFF86F208CCD860034BFC0 /* offline_imagexxx38.jpg */,
				3DCFF870208CCD860034BFC0 /* offline_imagexxx10.jpg */,
				3DCFF871208CCD860034BFC0 /* offline_imagexxx28.jpg */,
				3DCFF872208CCD860034BFC0 /* offline_imagexxx14.jpg */,
				3DCFF873208CCD860034BFC0 /* offline_imagexxx3.jpg */,
				3DCFF874208CCD860034BFC0 /* offline_imagexxx2.jpg */,
				3DCFF875208CCD860034BFC0 /* offline_imagexxx15.jpg */,
				3DCFF876208CCD860034BFC0 /* offline_imagexxx29.jpg */,
				3DCFF877208CCD860034BFC0 /* offline_imagexxx17.jpg */,
				3DCFF878208CCD860034BFC0 /* offline_imagexxx1.jpg */,
				3DCFF879208CCD860034BFC0 /* offline_imagexxx16.jpg */,
				3DCFF87A208CCD860034BFC0 /* offline_imagexxx27.jpg */,
				3DCFF87B208CCD860034BFC0 /* offline_imagexxx33.jpg */,
				3DCFF87C208CCD860034BFC0 /* offline_imagexxx32.jpg */,
				3DCFF87D208CCD860034BFC0 /* offline_imagexxx26.jpg */,
				3DCFF87E208CCD860034BFC0 /* offline_imagexxx30.jpg */,
				3DCFF87F208CCD860034BFC0 /* offline_imagexxx24.jpg */,
				3DCFF880208CCD860034BFC0 /* offline_imagexxx18.jpg */,
				3DCFF881208CCD860034BFC0 /* offline_imagexxx19.jpg */,
				3DCFF882208CCD860034BFC0 /* offline_imagexxx25.jpg */,
				3DCFF883208CCD860034BFC0 /* offline_imagexxx31.jpg */,
				3DCFF884208CCD860034BFC0 /* offline_imagexxx35.jpg */,
				3DCFF885208CCD860034BFC0 /* offline_imagexxx21.jpg */,
				3DCFF886208CCD860034BFC0 /* offline_imagexxx20.jpg */,
				3DCFF887208CCD860034BFC0 /* offline_imagexxx34.jpg */,
				3DCFF888208CCD860034BFC0 /* offline_imagexxx22.jpg */,
				3DCFF889208CCD860034BFC0 /* offline_imagexxx36.jpg */,
				3DCFF88A208CCD860034BFC0 /* offline_imagexxx9.jpg */,
				3DCFF88B208CCD860034BFC0 /* offline_imagexxx8.jpg */,
				3DCFF88C208CCD860034BFC0 /* offline_imagexxx37.jpg */,
				3DCFF88D208CCD860034BFC0 /* offline_imagexxx44.jpg */,
				3DCFF88E208CCD860034BFC0 /* offline_imagexxx50.jpg */,
				3DCFF88F208CCD860034BFC0 /* offline_imagexxx51.jpg */,
				3DCFF890208CCD860034BFC0 /* offline_imagexxx45.jpg */,
				3DCFF891208CCD860034BFC0 /* offline_imagexxx53.jpg */,
				3DCFF892208CCD860034BFC0 /* offline_imagexxx47.jpg */,
				3DCFF893208CCD860034BFC0 /* offline_imagexxx46.jpg */,
				3DCFF894208CCD860034BFC0 /* offline_imagexxx52.jpg */,
				3DCFF895208CCD860034BFC0 /* offline_imagexxx42.jpg */,
				3DCFF896208CCD860034BFC0 /* offline_imagexxx43.jpg */,
				3DCFF897208CCD860034BFC0 /* offline_imagexxx41.jpg */,
				3DCFF898208CCD860034BFC0 /* offline_imagexxx55.jpg */,
				3DCFF899208CCD860034BFC0 /* offline_imagexxx54.jpg */,
				3DCFF89A208CCD860034BFC0 /* offline_imagexxx40.jpg */,
			);
			path = Image;
			sourceTree = "<group>";
		};
		79D1C6049F73855846620C80 /* Pods */ = {
			isa = PBXGroup;
			children = (
				7358F63D9A26EE636EEC9617 /* Pods-iLive.debug.xcconfig */,
				E9775801BCF4E5CEB593066E /* Pods-iLive.release.xcconfig */,
			);
			name = Pods;
			sourceTree = "<group>";
		};
		B4AEDEDA6AA4E152C5E6E208 /* Frameworks */ = {
			isa = PBXGroup;
			children = (
				3D2963C120786E1A003FB61E /* StoreKit.framework */,
				3D2963BF20786DFC003FB61E /* PhotosUI.framework */,
				5C333460C55EE4986C4A6037 /* Pods_iLive.framework */,
			);
			name = Frameworks;
			sourceTree = "<group>";
		};
/* End PBXGroup section */

/* Begin PBXNativeTarget section */
		3D286E7120693CC800298FA7 /* iLive */ = {
			isa = PBXNativeTarget;
			buildConfigurationList = 3D286E8420693CC800298FA7 /* Build configuration list for PBXNativeTarget "iLive" */;
			buildPhases = (
				D327DB1127F086445ED48E04 /* [CP] Check Pods Manifest.lock */,
				3D286E6E20693CC800298FA7 /* Sources */,
				3D286E6F20693CC800298FA7 /* Frameworks */,
				3D286E7020693CC800298FA7 /* Resources */,
				81765840DECB8364896065E6 /* [CP] Embed Pods Frameworks */,
				4A317CFEBAD320FF99AA9E21 /* [CP] Copy Pods Resources */,
			);
			buildRules = (
			);
			dependencies = (
			);
			name = iLive;
			productName = iLive;
			productReference = 3D286E7220693CC800298FA7 /* iLive.app */;
			productType = "com.apple.product-type.application";
		};
/* End PBXNativeTarget section */

/* Begin PBXProject section */
		3D286E6A20693CC800298FA7 /* Project object */ = {
			isa = PBXProject;
			attributes = {
				LastSwiftUpdateCheck = 0920;
				LastUpgradeCheck = 0920;
				ORGANIZATIONNAME = DucLT;
				TargetAttributes = {
					3D286E7120693CC800298FA7 = {
						CreatedOnToolsVersion = 9.2;
						ProvisioningStyle = Automatic;
						SystemCapabilities = {
							com.apple.InAppPurchase = {
								enabled = 1;
							};
						};
					};
				};
			};
			buildConfigurationList = 3D286E6D20693CC800298FA7 /* Build configuration list for PBXProject "iLive" */;
			compatibilityVersion = "Xcode 8.0";
			developmentRegion = en;
			hasScannedForEncodings = 0;
			knownRegions = (
				en,
				Base,
			);
			mainGroup = 3D286E6920693CC800298FA7;
			productRefGroup = 3D286E7320693CC800298FA7 /* Products */;
			projectDirPath = "";
			projectRoot = "";
			targets = (
				3D286E7120693CC800298FA7 /* iLive */,
			);
		};
/* End PBXProject section */

/* Begin PBXResourcesBuildPhase section */
		3D286E7020693CC800298FA7 /* Resources */ = {
			isa = PBXResourcesBuildPhase;
			buildActionMask = 2147483647;
			files = (
				3DBEE1DD20A82BA90016EF41 /* Start_Image_2.jpg in Resources */,
				3DCFF8EC208CCD860034BFC0 /* offline_imagexxx24.jpg in Resources */,
				3DCFF89C208CCD860034BFC0 /* offline_videoxxx36.mov in Resources */,
				3DCFF8DF208CCD860034BFC0 /* offline_imagexxx14.jpg in Resources */,
				3DCFF8E3208CCD860034BFC0 /* offline_imagexxx29.jpg in Resources */,
				3DCFF89D208CCD860034BFC0 /* offline_videoxxx37.mov in Resources */,
				3DCFF8CE208CCD860034BFC0 /* offline_videoxxx38.mov in Resources */,
				3DCFF8D1208CCD860034BFC0 /* offline_videoxxx13.mov in Resources */,
				3DCFF8A3208CCD860034BFC0 /* offline_videoxxx30.mov in Resources */,
				3DCFF8B5208CCD860034BFC0 /* offline_videoxxx6.mov in Resources */,
				3DCFF8EF208CCD860034BFC0 /* offline_imagexxx25.jpg in Resources */,
				3DCFF8AE208CCD860034BFC0 /* offline_videoxxx55.mov in Resources */,
				3DCFF8F9208CCD860034BFC0 /* offline_imagexxx37.jpg in Resources */,
				3DCFF89E208CCD860034BFC0 /* offline_videoxxx23.mov in Resources */,
				3DCFF8BC208CCD860034BFC0 /* offline_videoxxx52.mov in Resources */,
				3DCFF8C6208CCD860034BFC0 /* offline_videoxxx17.mov in Resources */,
				3DCFF8C2208CCD860034BFC0 /* offline_videoxxx48.mov in Resources */,
				3DCFF8FE208CCD860034BFC0 /* offline_imagexxx53.jpg in Resources */,
				3DCFF8E0208CCD860034BFC0 /* offline_imagexxx3.jpg in Resources */,
				3DCFF8E5208CCD860034BFC0 /* offline_imagexxx1.jpg in Resources */,
				3DCFF8C1208CCD860034BFC0 /* offline_videoxxx45.mov in Resources */,
				3DCFF8B9208CCD860034BFC0 /* offline_videoxxx2.mov in Resources */,
				3DCFF8C5208CCD860034BFC0 /* offline_videoxxx9.mov in Resources */,
				3DCFF8A5208CCD860034BFC0 /* offline_videoxxx18.mov in Resources */,
				3DCFF8CA208CCD860034BFC0 /* offline_videoxxx15.mov in Resources */,
				3DCFF8D8208CCD860034BFC0 /* offline_imagexxx11.jpg in Resources */,
				3DCFF8CF208CCD860034BFC0 /* offline_videoxxx10.mov in Resources */,
				3DCFF8D9208CCD860034BFC0 /* offline_imagexxx39.jpg in Resources */,
				3DCFF8E6208CCD860034BFC0 /* offline_imagexxx16.jpg in Resources */,
				3D286E8020693CC800298FA7 /* LaunchScreen.storyboard in Resources */,
				3DCFF8EE208CCD860034BFC0 /* offline_imagexxx19.jpg in Resources */,
				3DCFF902208CCD860034BFC0 /* offline_imagexxx42.jpg in Resources */,
				3DCFF8D2208CCD860034BFC0 /* offline_imagexxx48.jpg in Resources */,
				3DCFF8F6208CCD860034BFC0 /* offline_imagexxx36.jpg in Resources */,
				3DCFF8F5208CCD860034BFC0 /* offline_imagexxx22.jpg in Resources */,
				3DCFF8FF208CCD860034BFC0 /* offline_imagexxx47.jpg in Resources */,
				3DCFF8FC208CCD860034BFC0 /* offline_imagexxx51.jpg in Resources */,
				3DE1B19120A8491B007F0212 /* wallpaper_inapp.png in Resources */,
				3DCFF8A9208CCD860034BFC0 /* offline_videoxxx27.mov in Resources */,
				3DCFF8C7208CCD860034BFC0 /* offline_videoxxx16.mov in Resources */,
				3DCFF8E4208CCD860034BFC0 /* offline_imagexxx17.jpg in Resources */,
				3DCFF8D4208CCD860034BFC0 /* offline_imagexxx12.jpg in Resources */,
				3DCFF8E9208CCD860034BFC0 /* offline_imagexxx32.jpg in Resources */,
				3DCFF8CC208CCD860034BFC0 /* offline_videoxxx11.mov in Resources */,
				3DCFF8AD208CCD860034BFC0 /* offline_videoxxx41.mov in Resources */,
				3DCFF8AF208CCD860034BFC0 /* offline_videoxxx4.mov in Resources */,
				3DCFF8D0208CCD860034BFC0 /* offline_videoxxx12.mov in Resources */,
				3DCFF8E2208CCD860034BFC0 /* offline_imagexxx15.jpg in Resources */,
				3DCFF8FA208CCD860034BFC0 /* offline_imagexxx44.jpg in Resources */,
				3DCFF8ED208CCD860034BFC0 /* offline_imagexxx18.jpg in Resources */,
				3DBEE1D820A82B930016EF41 /* Start_Image_1.jpg in Resources */,
				3DCFF8AC208CCD860034BFC0 /* offline_videoxxx26.mov in Resources */,
				3DCFF906208CCD860034BFC0 /* offline_imagexxx54.jpg in Resources */,
				3DCFF8BF208CCD860034BFC0 /* offline_videoxxx1.mov in Resources */,
				3DCFF8A2208CCD860034BFC0 /* offline_videoxxx34.mov in Resources */,
				3DCFF8A8208CCD860034BFC0 /* offline_videoxxx31.mov in Resources */,
				3DCFF901208CCD860034BFC0 /* offline_imagexxx52.jpg in Resources */,
				3DCFF8B4208CCD860034BFC0 /* offline_videoxxx7.mov in Resources */,
				3D2198C72074D6E500F6C632 /* FeaturedCell.xib in Resources */,
				3DCFF8EA208CCD860034BFC0 /* offline_imagexxx26.jpg in Resources */,
				3DCFF8DE208CCD860034BFC0 /* offline_imagexxx28.jpg in Resources */,
				3DCFF8D7208CCD860034BFC0 /* offline_imagexxx13.jpg in Resources */,
				3D23391C207A3E89005CD10D /* policy.txt in Resources */,
				3DBEE1DC20A82BA90016EF41 /* Start_Video_1.mov in Resources */,
				3DCFF8C8208CCD860034BFC0 /* offline_videoxxx28.mov in Resources */,
				3DCFF8DD208CCD860034BFC0 /* offline_imagexxx10.jpg in Resources */,
				3DCFF8DC208CCD860034BFC0 /* offline_imagexxx38.jpg in Resources */,
				3DCFF8B0208CCD860034BFC0 /* offline_videoxxx5.mov in Resources */,
				3DCFF8C0208CCD860034BFC0 /* offline_videoxxx51.mov in Resources */,
				3DCFF8EB208CCD860034BFC0 /* offline_imagexxx30.jpg in Resources */,
				3DCFF8F3208CCD860034BFC0 /* offline_imagexxx20.jpg in Resources */,
				3DCFF8F7208CCD860034BFC0 /* offline_imagexxx9.jpg in Resources */,
				3DCFF8A0208CCD860034BFC0 /* offline_videoxxx21.mov in Resources */,
				3D286E7D20693CC800298FA7 /* Assets.xcassets in Resources */,
				3DCFF8F1208CCD860034BFC0 /* offline_imagexxx35.jpg in Resources */,
				3DCFF8BB208CCD860034BFC0 /* offline_videoxxx46.mov in Resources */,
				3DCFF904208CCD860034BFC0 /* offline_imagexxx41.jpg in Resources */,
				3DCFF8CB208CCD860034BFC0 /* offline_videoxxx29.mov in Resources */,
				3DCFF8AA208CCD860034BFC0 /* offline_videoxxx33.mov in Resources */,
				3DCFF903208CCD860034BFC0 /* offline_imagexxx43.jpg in Resources */,
				3DCFF8C3208CCD860034BFC0 /* offline_videoxxx49.mov in Resources */,
				3DBEE1E220A845A30016EF41 /* InAppCollectionViewCell.xib in Resources */,
				3DCFF8F0208CCD860034BFC0 /* offline_imagexxx31.jpg in Resources */,
				3DCFF8BE208CCD860034BFC0 /* offline_videoxxx50.mov in Resources */,
				3DCFF8C4208CCD860034BFC0 /* offline_videoxxx8.mov in Resources */,
				3DCFF907208CCD860034BFC0 /* offline_imagexxx40.jpg in Resources */,
				3DCFF8DA208CCD860034BFC0 /* offline_imagexxx6.jpg in Resources */,
				3DCFF8BD208CCD860034BFC0 /* offline_videoxxx44.mov in Resources */,
				3DCFF8B7208CCD860034BFC0 /* offline_videoxxx53.mov in Resources */,
				3DCFF8F8208CCD860034BFC0 /* offline_imagexxx8.jpg in Resources */,
				3DCFF8E8208CCD860034BFC0 /* offline_imagexxx33.jpg in Resources */,
				3DCFF905208CCD860034BFC0 /* offline_imagexxx55.jpg in Resources */,
				3DCFF8FB208CCD860034BFC0 /* offline_imagexxx50.jpg in Resources */,
				3DCFF8B1208CCD860034BFC0 /* offline_videoxxx54.mov in Resources */,
				3DCFF8D6208CCD860034BFC0 /* offline_imagexxx4.jpg in Resources */,
				3DCFF8A1208CCD860034BFC0 /* offline_videoxxx20.mov in Resources */,
				3DCFF8A7208CCD860034BFC0 /* offline_videoxxx25.mov in Resources */,
				3DCFF8B6208CCD860034BFC0 /* offline_videoxxx43.mov in Resources */,
				3DCFF8D3208CCD860034BFC0 /* offline_imagexxx49.jpg in Resources */,
				3DCFF8B8208CCD860034BFC0 /* offline_videoxxx47.mov in Resources */,
				3DCFF900208CCD860034BFC0 /* offline_imagexxx46.jpg in Resources */,
				3DCFF8E7208CCD860034BFC0 /* offline_imagexxx27.jpg in Resources */,
				3DCFF8AB208CCD860034BFC0 /* offline_videoxxx32.mov in Resources */,
				3DCFF8DB208CCD860034BFC0 /* offline_imagexxx7.jpg in Resources */,
				3DCFF89B208CCD860034BFC0 /* offline_videoxxx22.mov in Resources */,
				3DCFF8D5208CCD860034BFC0 /* offline_imagexxx5.jpg in Resources */,
				3D2198C92074D6E500F6C632 /* WallpaperCell.xib in Resources */,
				3DCFF8A4208CCD860034BFC0 /* offline_videoxxx24.mov in Resources */,
				3DCFF8A6208CCD860034BFC0 /* offline_videoxxx19.mov in Resources */,
				3DCFF8F2208CCD860034BFC0 /* offline_imagexxx21.jpg in Resources */,
				3DBEE1CD20A7EE140016EF41 /* StartCollectionViewCell.xib in Resources */,
				3DCFF8FD208CCD860034BFC0 /* offline_imagexxx45.jpg in Resources */,
				3DBEE1DE20A82BA90016EF41 /* Start_Video_2.mov in Resources */,
				3DCFF8B2208CCD860034BFC0 /* offline_videoxxx40.mov in Resources */,
				3DCFF8C9208CCD860034BFC0 /* offline_videoxxx14.mov in Resources */,
				3DCFF8F4208CCD860034BFC0 /* offline_imagexxx34.jpg in Resources */,
				3D286E7B20693CC800298FA7 /* Main.storyboard in Resources */,
				3DCFF8CD208CCD860034BFC0 /* offline_videoxxx39.mov in Resources */,
				3DCFF8E1208CCD860034BFC0 /* offline_imagexxx2.jpg in Resources */,
				3DCFF8BA208CCD860034BFC0 /* offline_videoxxx3.mov in Resources */,
				3DCFF8B3208CCD860034BFC0 /* offline_videoxxx42.mov in Resources */,
				3DCFF89F208CCD860034BFC0 /* offline_videoxxx35.mov in Resources */,
			);
			runOnlyForDeploymentPostprocessing = 0;
		};
/* End PBXResourcesBuildPhase section */

/* Begin PBXShellScriptBuildPhase section */
		4A317CFEBAD320FF99AA9E21 /* [CP] Copy Pods Resources */ = {
			isa = PBXShellScriptBuildPhase;
			buildActionMask = 2147483647;
			files = (
			);
			inputPaths = (
			);
			name = "[CP] Copy Pods Resources";
			outputPaths = (
			);
			runOnlyForDeploymentPostprocessing = 0;
			shellPath = /bin/sh;
			shellScript = "\"${SRCROOT}/Pods/Target Support Files/Pods-iLive/Pods-iLive-resources.sh\"\n";
			showEnvVarsInLog = 0;
		};
		81765840DECB8364896065E6 /* [CP] Embed Pods Frameworks */ = {
			isa = PBXShellScriptBuildPhase;
			buildActionMask = 2147483647;
			files = (
			);
			inputPaths = (
				"${SRCROOT}/Pods/Target Support Files/Pods-iLive/Pods-iLive-frameworks.sh",
				"${BUILT_PRODUCTS_DIR}/Alamofire/Alamofire.framework",
				"${BUILT_PRODUCTS_DIR}/AlamofireObjectMapper/AlamofireObjectMapper.framework",
				"${BUILT_PRODUCTS_DIR}/FCFileManager/FCFileManager.framework",
				"${BUILT_PRODUCTS_DIR}/ObjectMapper/ObjectMapper.framework",
				"${BUILT_PRODUCTS_DIR}/REFrostedViewController/REFrostedViewController.framework",
				"${BUILT_PRODUCTS_DIR}/SDWebImage/SDWebImage.framework",
			);
			name = "[CP] Embed Pods Frameworks";
			outputPaths = (
				"${TARGET_BUILD_DIR}/${FRAMEWORKS_FOLDER_PATH}/Alamofire.framework",
				"${TARGET_BUILD_DIR}/${FRAMEWORKS_FOLDER_PATH}/AlamofireObjectMapper.framework",
				"${TARGET_BUILD_DIR}/${FRAMEWORKS_FOLDER_PATH}/FCFileManager.framework",
				"${TARGET_BUILD_DIR}/${FRAMEWORKS_FOLDER_PATH}/ObjectMapper.framework",
				"${TARGET_BUILD_DIR}/${FRAMEWORKS_FOLDER_PATH}/REFrostedViewController.framework",
				"${TARGET_BUILD_DIR}/${FRAMEWORKS_FOLDER_PATH}/SDWebImage.framework",
			);
			runOnlyForDeploymentPostprocessing = 0;
			shellPath = /bin/sh;
			shellScript = "\"${SRCROOT}/Pods/Target Support Files/Pods-iLive/Pods-iLive-frameworks.sh\"\n";
			showEnvVarsInLog = 0;
		};
		D327DB1127F086445ED48E04 /* [CP] Check Pods Manifest.lock */ = {
			isa = PBXShellScriptBuildPhase;
			buildActionMask = 2147483647;
			files = (
			);
			inputPaths = (
				"${PODS_PODFILE_DIR_PATH}/Podfile.lock",
				"${PODS_ROOT}/Manifest.lock",
			);
			name = "[CP] Check Pods Manifest.lock";
			outputPaths = (
				"$(DERIVED_FILE_DIR)/Pods-iLive-checkManifestLockResult.txt",
			);
			runOnlyForDeploymentPostprocessing = 0;
			shellPath = /bin/sh;
			shellScript = "diff \"${PODS_PODFILE_DIR_PATH}/Podfile.lock\" \"${PODS_ROOT}/Manifest.lock\" > /dev/null\nif [ $? != 0 ] ; then\n    # print error to STDERR\n    echo \"error: The sandbox is not in sync with the Podfile.lock. Run 'pod install' or update your CocoaPods installation.\" >&2\n    exit 1\nfi\n# This output is used by Xcode 'outputs' to avoid re-running this script phase.\necho \"SUCCESS\" > \"${SCRIPT_OUTPUT_FILE_0}\"\n";
			showEnvVarsInLog = 0;
		};
/* End PBXShellScriptBuildPhase section */

/* Begin PBXSourcesBuildPhase section */
		3D286E6E20693CC800298FA7 /* Sources */ = {
			isa = PBXSourcesBuildPhase;
			buildActionMask = 2147483647;
			files = (
				3D9B07122071E09B007F119C /* FirstFeatured.swift in Sources */,
				3D9B07112071E09B007F119C /* Featured.swift in Sources */,
				3D2198BE20748BFE00F6C632 /* LoadingViewController.swift in Sources */,
				3D286E7820693CC800298FA7 /* RootViewController.swift in Sources */,
				3DBEE1CC20A7EE140016EF41 /* StartCollectionViewCell.swift in Sources */,
				3DE1B19520A89533007F0212 /* InAppViewController.swift in Sources */,
				3D7971C8206954B600876825 /* MenuViewController.swift in Sources */,
				3DE1B19320A8668D007F0212 /* IAPHandler.swift in Sources */,
				3D2198C62074D6E500F6C632 /* FeaturedCell.swift in Sources */,
				3DBEE1E120A845A30016EF41 /* InAppCollectionViewCell.swift in Sources */,
				3D2963C420786F68003FB61E /* VideoViewController.swift in Sources */,
				3D2198C02074944800F6C632 /* BaseViewController.swift in Sources */,
				3D9B07152071E09B007F119C /* Post.swift in Sources */,
				3D9B07192071E1A7007F119C /* PhotoService.swift in Sources */,
				3D9B07132071E09B007F119C /* LivePhoto.swift in Sources */,
				3DAF44C62078BFDC0033895F /* QuickTimeMov.swift in Sources */,
				3D2198C82074D6E500F6C632 /* WallpaperCell.swift in Sources */,
				3D7971C62069536600876825 /* LiveNavigationController.swift in Sources */,
				3DAF44C22078B6740033895F /* PageViewController.swift in Sources */,
				3D23391E207A3F4D005CD10D /* TermsViewController.swift in Sources */,
				3D9B07172071E194007F119C /* DataStore.swift in Sources */,
				3D9B07142071E09B007F119C /* LiveWallpaper.swift in Sources */,
				3D676353207126030041D8CD /* Utils.swift in Sources */,
				3D9B07102071E09B007F119C /* BlackWallpaper.swift in Sources */,
				3DAF44C52078BFDC0033895F /* JPEG.swift in Sources */,
				3DBEE1C920A7DF8E0016EF41 /* StartViewController.swift in Sources */,
				3D1E299C2069416200DF7433 /* MBProgressHUD.m in Sources */,
				3D286E7620693CC800298FA7 /* AppDelegate.swift in Sources */,
				3D2198BC207478F100F6C632 /* ListViewController.swift in Sources */,
				3D676351207121160041D8CD /* Constants.swift in Sources */,
			);
			runOnlyForDeploymentPostprocessing = 0;
		};
/* End PBXSourcesBuildPhase section */

/* Begin PBXVariantGroup section */
		3D286E7920693CC800298FA7 /* Main.storyboard */ = {
			isa = PBXVariantGroup;
			children = (
				3D286E7A20693CC800298FA7 /* Base */,
			);
			name = Main.storyboard;
			sourceTree = "<group>";
		};
		3D286E7E20693CC800298FA7 /* LaunchScreen.storyboard */ = {
			isa = PBXVariantGroup;
			children = (
				3D286E7F20693CC800298FA7 /* Base */,
			);
			name = LaunchScreen.storyboard;
			sourceTree = "<group>";
		};
/* End PBXVariantGroup section */

/* Begin XCBuildConfiguration section */
		3D286E8220693CC800298FA7 /* Debug */ = {
			isa = XCBuildConfiguration;
			buildSettings = {
				ALWAYS_SEARCH_USER_PATHS = NO;
				CLANG_ANALYZER_NONNULL = YES;
				CLANG_ANALYZER_NUMBER_OBJECT_CONVERSION = YES_AGGRESSIVE;
				CLANG_CXX_LANGUAGE_STANDARD = "gnu++14";
				CLANG_CXX_LIBRARY = "libc++";
				CLANG_ENABLE_MODULES = YES;
				CLANG_ENABLE_OBJC_ARC = YES;
				CLANG_WARN_BLOCK_CAPTURE_AUTORELEASING = YES;
				CLANG_WARN_BOOL_CONVERSION = YES;
				CLANG_WARN_COMMA = YES;
				CLANG_WARN_CONSTANT_CONVERSION = YES;
				CLANG_WARN_DIRECT_OBJC_ISA_USAGE = YES_ERROR;
				CLANG_WARN_DOCUMENTATION_COMMENTS = YES;
				CLANG_WARN_EMPTY_BODY = YES;
				CLANG_WARN_ENUM_CONVERSION = YES;
				CLANG_WARN_INFINITE_RECURSION = YES;
				CLANG_WARN_INT_CONVERSION = YES;
				CLANG_WARN_NON_LITERAL_NULL_CONVERSION = YES;
				CLANG_WARN_OBJC_LITERAL_CONVERSION = YES;
				CLANG_WARN_OBJC_ROOT_CLASS = YES_ERROR;
				CLANG_WARN_RANGE_LOOP_ANALYSIS = YES;
				CLANG_WARN_STRICT_PROTOTYPES = YES;
				CLANG_WARN_SUSPICIOUS_MOVE = YES;
				CLANG_WARN_UNGUARDED_AVAILABILITY = YES_AGGRESSIVE;
				CLANG_WARN_UNREACHABLE_CODE = YES;
				CLANG_WARN__DUPLICATE_METHOD_MATCH = YES;
				CODE_SIGN_IDENTITY = "iPhone Developer";
				COPY_PHASE_STRIP = NO;
				DEBUG_INFORMATION_FORMAT = dwarf;
				ENABLE_STRICT_OBJC_MSGSEND = YES;
				ENABLE_TESTABILITY = YES;
				GCC_C_LANGUAGE_STANDARD = gnu11;
				GCC_DYNAMIC_NO_PIC = NO;
				GCC_NO_COMMON_BLOCKS = YES;
				GCC_OPTIMIZATION_LEVEL = 0;
				GCC_PREPROCESSOR_DEFINITIONS = (
					"DEBUG=1",
					"$(inherited)",
				);
				GCC_WARN_64_TO_32_BIT_CONVERSION = YES;
				GCC_WARN_ABOUT_RETURN_TYPE = YES_ERROR;
				GCC_WARN_UNDECLARED_SELECTOR = YES;
				GCC_WARN_UNINITIALIZED_AUTOS = YES_AGGRESSIVE;
				GCC_WARN_UNUSED_FUNCTION = YES;
				GCC_WARN_UNUSED_VARIABLE = YES;
				IPHONEOS_DEPLOYMENT_TARGET = 9.1;
				MTL_ENABLE_DEBUG_INFO = YES;
				ONLY_ACTIVE_ARCH = YES;
				SDKROOT = iphoneos;
				SWIFT_ACTIVE_COMPILATION_CONDITIONS = DEBUG;
				SWIFT_OPTIMIZATION_LEVEL = "-Onone";
			};
			name = Debug;
		};
		3D286E8320693CC800298FA7 /* Release */ = {
			isa = XCBuildConfiguration;
			buildSettings = {
				ALWAYS_SEARCH_USER_PATHS = NO;
				CLANG_ANALYZER_NONNULL = YES;
				CLANG_ANALYZER_NUMBER_OBJECT_CONVERSION = YES_AGGRESSIVE;
				CLANG_CXX_LANGUAGE_STANDARD = "gnu++14";
				CLANG_CXX_LIBRARY = "libc++";
				CLANG_ENABLE_MODULES = YES;
				CLANG_ENABLE_OBJC_ARC = YES;
				CLANG_WARN_BLOCK_CAPTURE_AUTORELEASING = YES;
				CLANG_WARN_BOOL_CONVERSION = YES;
				CLANG_WARN_COMMA = YES;
				CLANG_WARN_CONSTANT_CONVERSION = YES;
				CLANG_WARN_DIRECT_OBJC_ISA_USAGE = YES_ERROR;
				CLANG_WARN_DOCUMENTATION_COMMENTS = YES;
				CLANG_WARN_EMPTY_BODY = YES;
				CLANG_WARN_ENUM_CONVERSION = YES;
				CLANG_WARN_INFINITE_RECURSION = YES;
				CLANG_WARN_INT_CONVERSION = YES;
				CLANG_WARN_NON_LITERAL_NULL_CONVERSION = YES;
				CLANG_WARN_OBJC_LITERAL_CONVERSION = YES;
				CLANG_WARN_OBJC_ROOT_CLASS = YES_ERROR;
				CLANG_WARN_RANGE_LOOP_ANALYSIS = YES;
				CLANG_WARN_STRICT_PROTOTYPES = YES;
				CLANG_WARN_SUSPICIOUS_MOVE = YES;
				CLANG_WARN_UNGUARDED_AVAILABILITY = YES_AGGRESSIVE;
				CLANG_WARN_UNREACHABLE_CODE = YES;
				CLANG_WARN__DUPLICATE_METHOD_MATCH = YES;
				CODE_SIGN_IDENTITY = "iPhone Developer";
				COPY_PHASE_STRIP = NO;
				DEBUG_INFORMATION_FORMAT = "dwarf-with-dsym";
				ENABLE_NS_ASSERTIONS = NO;
				ENABLE_STRICT_OBJC_MSGSEND = YES;
				GCC_C_LANGUAGE_STANDARD = gnu11;
				GCC_NO_COMMON_BLOCKS = YES;
				GCC_WARN_64_TO_32_BIT_CONVERSION = YES;
				GCC_WARN_ABOUT_RETURN_TYPE = YES_ERROR;
				GCC_WARN_UNDECLARED_SELECTOR = YES;
				GCC_WARN_UNINITIALIZED_AUTOS = YES_AGGRESSIVE;
				GCC_WARN_UNUSED_FUNCTION = YES;
				GCC_WARN_UNUSED_VARIABLE = YES;
				IPHONEOS_DEPLOYMENT_TARGET = 9.1;
				MTL_ENABLE_DEBUG_INFO = NO;
				SDKROOT = iphoneos;
				SWIFT_OPTIMIZATION_LEVEL = "-Owholemodule";
				VALIDATE_PRODUCT = YES;
			};
			name = Release;
		};
		3D286E8520693CC800298FA7 /* Debug */ = {
			isa = XCBuildConfiguration;
			baseConfigurationReference = 7358F63D9A26EE636EEC9617 /* Pods-iLive.debug.xcconfig */;
			buildSettings = {
				ASSETCATALOG_COMPILER_APPICON_NAME = AppIcon;
				CODE_SIGN_IDENTITY = "iPhone Developer";
				"CODE_SIGN_IDENTITY[sdk=iphoneos*]" = "iPhone Developer";
				CODE_SIGN_STYLE = Automatic;
				DEVELOPMENT_TEAM = WP9WTWYQXK;
				INFOPLIST_FILE = iLive/Info.plist;
				IPHONEOS_DEPLOYMENT_TARGET = 9.1;
				LD_RUNPATH_SEARCH_PATHS = "$(inherited) @executable_path/Frameworks";
				PRODUCT_BUNDLE_IDENTIFIER = com.tienhoang.cleanbackup;
				PRODUCT_NAME = "$(TARGET_NAME)";
				PROVISIONING_PROFILE = "";
				PROVISIONING_PROFILE_SPECIFIER = "";
				SWIFT_OBJC_BRIDGING_HEADER = "iLive/iLive-Bridging-Header.h";
				SWIFT_VERSION = 4.0;
				TARGETED_DEVICE_FAMILY = "1,2";
			};
			name = Debug;
		};
		3D286E8620693CC800298FA7 /* Release */ = {
			isa = XCBuildConfiguration;
			baseConfigurationReference = E9775801BCF4E5CEB593066E /* Pods-iLive.release.xcconfig */;
			buildSettings = {
				ASSETCATALOG_COMPILER_APPICON_NAME = AppIcon;
				CODE_SIGN_IDENTITY = "iPhone Developer";
				"CODE_SIGN_IDENTITY[sdk=iphoneos*]" = "iPhone Developer";
				CODE_SIGN_STYLE = Automatic;
				DEVELOPMENT_TEAM = WP9WTWYQXK;
				INFOPLIST_FILE = iLive/Info.plist;
				IPHONEOS_DEPLOYMENT_TARGET = 9.1;
				LD_RUNPATH_SEARCH_PATHS = "$(inherited) @executable_path/Frameworks";
				PRODUCT_BUNDLE_IDENTIFIER = com.tienhoang.cleanbackup;
				PRODUCT_NAME = "$(TARGET_NAME)";
				PROVISIONING_PROFILE = "";
				PROVISIONING_PROFILE_SPECIFIER = "";
				SWIFT_OBJC_BRIDGING_HEADER = "iLive/iLive-Bridging-Header.h";
				SWIFT_VERSION = 4.0;
				TARGETED_DEVICE_FAMILY = "1,2";
			};
			name = Release;
		};
/* End XCBuildConfiguration section */

/* Begin XCConfigurationList section */
		3D286E6D20693CC800298FA7 /* Build configuration list for PBXProject "iLive" */ = {
			isa = XCConfigurationList;
			buildConfigurations = (
				3D286E8220693CC800298FA7 /* Debug */,
				3D286E8320693CC800298FA7 /* Release */,
			);
			defaultConfigurationIsVisible = 0;
			defaultConfigurationName = Release;
		};
		3D286E8420693CC800298FA7 /* Build configuration list for PBXNativeTarget "iLive" */ = {
			isa = XCConfigurationList;
			buildConfigurations = (
				3D286E8520693CC800298FA7 /* Debug */,
				3D286E8620693CC800298FA7 /* Release */,
			);
			defaultConfigurationIsVisible = 0;
			defaultConfigurationName = Release;
		};
/* End XCConfigurationList section */
	};
	rootObject = 3D286E6A20693CC800298FA7 /* Project object */;
}
